// !$*UTF8*$!
{
	archiveVersion = 1;
	classes = {
	};
	objectVersion = 56;
	objects = {

/* Begin PBXBuildFile section */
		8B00C4882C1BD9030083D972 /* NextSceneNode.swift in Sources */ = {isa = PBXBuildFile; fileRef = 8B00C4872C1BD9030083D972 /* NextSceneNode.swift */; };
		8B00C4892C1BE0290083D972 /* Assets.xcassets in Resources */ = {isa = PBXBuildFile; fileRef = 8B4DB2092C0DB77E0055AB7A /* Assets.xcassets */; };
		8B05B5C42C296D020001384E /* HelicopterSprite.swift in Sources */ = {isa = PBXBuildFile; fileRef = 8B05B5C32C296D020001384E /* HelicopterSprite.swift */; };
		8B05B5C62C2970140001384E /* RetryButton.swift in Sources */ = {isa = PBXBuildFile; fileRef = 8B05B5C52C2970140001384E /* RetryButton.swift */; };
		8B4DB1FD2C0DB77D0055AB7A /* AppDelegate.swift in Sources */ = {isa = PBXBuildFile; fileRef = 8B4DB1FC2C0DB77D0055AB7A /* AppDelegate.swift */; };
		8B4DB2052C0DB77D0055AB7A /* GameViewController.swift in Sources */ = {isa = PBXBuildFile; fileRef = 8B4DB2042C0DB77D0055AB7A /* GameViewController.swift */; };
		8B4DB2082C0DB77D0055AB7A /* Base in Resources */ = {isa = PBXBuildFile; fileRef = 8B4DB2072C0DB77D0055AB7A /* Base */; };
		8B4DB20D2C0DB77E0055AB7A /* Base in Resources */ = {isa = PBXBuildFile; fileRef = 8B4DB20C2C0DB77E0055AB7A /* Base */; };
		8B4DB2172C0DB77F0055AB7A /* ForStayingAliveTests.swift in Sources */ = {isa = PBXBuildFile; fileRef = 8B4DB2162C0DB77F0055AB7A /* ForStayingAliveTests.swift */; };
		8B4DB2212C0DB77F0055AB7A /* ForStayingAliveUITests.swift in Sources */ = {isa = PBXBuildFile; fileRef = 8B4DB2202C0DB77F0055AB7A /* ForStayingAliveUITests.swift */; };
		8B4DB2232C0DB77F0055AB7A /* ForStayingAliveUITestsLaunchTests.swift in Sources */ = {isa = PBXBuildFile; fileRef = 8B4DB2222C0DB77F0055AB7A /* ForStayingAliveUITestsLaunchTests.swift */; };
		8B66D0A92C1803F100BB6573 /* ProgressBarNode.swift in Sources */ = {isa = PBXBuildFile; fileRef = 8B66D0A82C1803F100BB6573 /* ProgressBarNode.swift */; };
		8B92D36A2C20134700F6B2D2 /* Sound.swift in Sources */ = {isa = PBXBuildFile; fileRef = 8B92D3692C20134700F6B2D2 /* Sound.swift */; };
		8B92D3742C20148000F6B2D2 /* indoor-footsteps-6385.mp3 in Resources */ = {isa = PBXBuildFile; fileRef = 8B92D36E2C20148000F6B2D2 /* indoor-footsteps-6385.mp3 */; };
		8B92D3762C20148000F6B2D2 /* zombie-attack-6419.mp3 in Resources */ = {isa = PBXBuildFile; fileRef = 8B92D3702C20148000F6B2D2 /* zombie-attack-6419.mp3 */; };
		8B92D3772C20148000F6B2D2 /* zmb2_dead-92305.mp3 in Resources */ = {isa = PBXBuildFile; fileRef = 8B92D3712C20148000F6B2D2 /* zmb2_dead-92305.mp3 */; };
		8B92D3782C20148000F6B2D2 /* undead-scream.mp3 in Resources */ = {isa = PBXBuildFile; fileRef = 8B92D3722C20148000F6B2D2 /* undead-scream.mp3 */; };
		8B92D3792C20148000F6B2D2 /* mutated-zombie-sound-211722.mp3 in Resources */ = {isa = PBXBuildFile; fileRef = 8B92D3732C20148000F6B2D2 /* mutated-zombie-sound-211722.mp3 */; };
		8B96FDB42C22E96100E2EE7D /* CountdownTimerViewModel.swift in Sources */ = {isa = PBXBuildFile; fileRef = 8B96FDB32C22E96100E2EE7D /* CountdownTimerViewModel.swift */; };
		8BC6D8E82C1DCE2A00F73142 /* LeftBehindScene.swift in Sources */ = {isa = PBXBuildFile; fileRef = 8BC6D8E72C1DCE2A00F73142 /* LeftBehindScene.swift */; };
		E42E8E752C11729300FF73F4 /* Constants.swift in Sources */ = {isa = PBXBuildFile; fileRef = E42E8E742C11729300FF73F4 /* Constants.swift */; };
		E42E8E772C118B1900FF73F4 /* HeroSprite.swift in Sources */ = {isa = PBXBuildFile; fileRef = E42E8E762C118B1900FF73F4 /* HeroSprite.swift */; };
		E42E8E792C11955900FF73F4 /* ExplorationMap.swift in Sources */ = {isa = PBXBuildFile; fileRef = E42E8E782C11955900FF73F4 /* ExplorationMap.swift */; };
		E42E8E872C13F5BF00FF73F4 /* AnalogJoystick.swift in Sources */ = {isa = PBXBuildFile; fileRef = E42E8E862C13F5BF00FF73F4 /* AnalogJoystick.swift */; };
		E42E8E892C1417E400FF73F4 /* RunningButton.swift in Sources */ = {isa = PBXBuildFile; fileRef = E42E8E882C1417E400FF73F4 /* RunningButton.swift */; };
		E437B20A2C19FF0500D6E6A8 /* Extensions.swift in Sources */ = {isa = PBXBuildFile; fileRef = E437B2092C19FF0500D6E6A8 /* Extensions.swift */; };
		E437B2102C1D613A00D6E6A8 /* MedkitButton.swift in Sources */ = {isa = PBXBuildFile; fileRef = E437B20F2C1D613A00D6E6A8 /* MedkitButton.swift */; };
		E451A5C22C2453390061A7DC /* EvacuationScene.swift in Sources */ = {isa = PBXBuildFile; fileRef = E451A5C12C2453390061A7DC /* EvacuationScene.swift */; };
		E451A5C62C245A270061A7DC /* DeathScene.swift in Sources */ = {isa = PBXBuildFile; fileRef = E451A5C52C245A270061A7DC /* DeathScene.swift */; };
		E451A5C82C2476180061A7DC /* CountdownTimer.swift in Sources */ = {isa = PBXBuildFile; fileRef = E451A5C72C2476180061A7DC /* CountdownTimer.swift */; };
		E451A5CE2C256D140061A7DC /* SFXManager.swift in Sources */ = {isa = PBXBuildFile; fileRef = E451A5CD2C256D140061A7DC /* SFXManager.swift */; };
		E451A5D02C256F250061A7DC /* CountdownManager.swift in Sources */ = {isa = PBXBuildFile; fileRef = E451A5CF2C256F250061A7DC /* CountdownManager.swift */; };
		E451A5D52C256FD40061A7DC /* Helicopter2Minutes.wav in Resources */ = {isa = PBXBuildFile; fileRef = E451A5D12C256FD40061A7DC /* Helicopter2Minutes.wav */; };
		E451A5D62C256FD40061A7DC /* HelicopterProlog.m4a in Resources */ = {isa = PBXBuildFile; fileRef = E451A5D22C256FD40061A7DC /* HelicopterProlog.m4a */; };
		E451A5D72C256FD40061A7DC /* HelicopterTakeOff.wav in Resources */ = {isa = PBXBuildFile; fileRef = E451A5D32C256FD40061A7DC /* HelicopterTakeOff.wav */; };
		E451A5DD2C25C02B0061A7DC /* SubtitleManager.swift in Sources */ = {isa = PBXBuildFile; fileRef = E451A5DC2C25C02B0061A7DC /* SubtitleManager.swift */; };
		E451A5E32C29A4180061A7DC /* UndeadSpawner.swift in Sources */ = {isa = PBXBuildFile; fileRef = E451A5E22C29A4170061A7DC /* UndeadSpawner.swift */; };
		E451A5E52C2A638B0061A7DC /* undead-attack.mp3 in Resources */ = {isa = PBXBuildFile; fileRef = E451A5E42C2A638B0061A7DC /* undead-attack.mp3 */; };
		E451A5E72C2A64FC0061A7DC /* undead-bite.mp3 in Resources */ = {isa = PBXBuildFile; fileRef = E451A5E62C2A64FC0061A7DC /* undead-bite.mp3 */; };
		E48D483C2C15259200B97DEB /* UndeadSprite.swift in Sources */ = {isa = PBXBuildFile; fileRef = E48D483B2C15259200B97DEB /* UndeadSprite.swift */; };
		E49C38D82C17F95500868DDA /* ChestSprite.swift in Sources */ = {isa = PBXBuildFile; fileRef = E49C38D72C17F95500868DDA /* ChestSprite.swift */; };
		E49C38DA2C18024A00868DDA /* InteractButton.swift in Sources */ = {isa = PBXBuildFile; fileRef = E49C38D92C18024A00868DDA /* InteractButton.swift */; };
		E4CB75142C194B880059FED9 /* LockerSprite.swift in Sources */ = {isa = PBXBuildFile; fileRef = E4CB75132C194B880059FED9 /* LockerSprite.swift */; };
		E4E14A322C1834ED00A8E101 /* HidingButton.swift in Sources */ = {isa = PBXBuildFile; fileRef = E4E14A312C1834ED00A8E101 /* HidingButton.swift */; };
		E4FDDE1C2C231958001EC9F6 /* SoundManager.swift in Sources */ = {isa = PBXBuildFile; fileRef = E4FDDE1B2C231958001EC9F6 /* SoundManager.swift */; };
		E4FDDE1E2C2319F4001EC9F6 /* the-hired.m4a in Resources */ = {isa = PBXBuildFile; fileRef = E4FDDE1D2C2319F4001EC9F6 /* the-hired.m4a */; };
		E4FDDE202C231A84001EC9F6 /* helicopter.m4a in Resources */ = {isa = PBXBuildFile; fileRef = E4FDDE1F2C231A84001EC9F6 /* helicopter.m4a */; };
		E4FDDE232C23C7AF001EC9F6 /* NicoClean-Regular.otf in Resources */ = {isa = PBXBuildFile; fileRef = E4FDDE222C23C7AF001EC9F6 /* NicoClean-Regular.otf */; };
/* End PBXBuildFile section */

/* Begin PBXContainerItemProxy section */
		8B4DB2132C0DB77F0055AB7A /* PBXContainerItemProxy */ = {
			isa = PBXContainerItemProxy;
			containerPortal = 8B4DB1F12C0DB77D0055AB7A /* Project object */;
			proxyType = 1;
			remoteGlobalIDString = 8B4DB1F82C0DB77D0055AB7A;
			remoteInfo = ForStayingAlive;
		};
		8B4DB21D2C0DB77F0055AB7A /* PBXContainerItemProxy */ = {
			isa = PBXContainerItemProxy;
			containerPortal = 8B4DB1F12C0DB77D0055AB7A /* Project object */;
			proxyType = 1;
			remoteGlobalIDString = 8B4DB1F82C0DB77D0055AB7A;
			remoteInfo = ForStayingAlive;
		};
/* End PBXContainerItemProxy section */

/* Begin PBXFileReference section */
		8B00C4872C1BD9030083D972 /* NextSceneNode.swift */ = {isa = PBXFileReference; lastKnownFileType = sourcecode.swift; path = NextSceneNode.swift; sourceTree = "<group>"; };
		8B05B5C32C296D020001384E /* HelicopterSprite.swift */ = {isa = PBXFileReference; lastKnownFileType = sourcecode.swift; path = HelicopterSprite.swift; sourceTree = "<group>"; };
		8B05B5C52C2970140001384E /* RetryButton.swift */ = {isa = PBXFileReference; lastKnownFileType = sourcecode.swift; path = RetryButton.swift; sourceTree = "<group>"; };
		8B4DB1F92C0DB77D0055AB7A /* ForStayingAlive.app */ = {isa = PBXFileReference; explicitFileType = wrapper.application; includeInIndex = 0; path = ForStayingAlive.app; sourceTree = BUILT_PRODUCTS_DIR; };
		8B4DB1FC2C0DB77D0055AB7A /* AppDelegate.swift */ = {isa = PBXFileReference; lastKnownFileType = sourcecode.swift; path = AppDelegate.swift; sourceTree = "<group>"; };
		8B4DB2042C0DB77D0055AB7A /* GameViewController.swift */ = {isa = PBXFileReference; lastKnownFileType = sourcecode.swift; path = GameViewController.swift; sourceTree = "<group>"; };
		8B4DB2072C0DB77D0055AB7A /* Base */ = {isa = PBXFileReference; lastKnownFileType = file.storyboard; name = Base; path = Base.lproj/Main.storyboard; sourceTree = "<group>"; };
		8B4DB2092C0DB77E0055AB7A /* Assets.xcassets */ = {isa = PBXFileReference; lastKnownFileType = folder.assetcatalog; path = Assets.xcassets; sourceTree = "<group>"; };
		8B4DB20C2C0DB77E0055AB7A /* Base */ = {isa = PBXFileReference; lastKnownFileType = file.storyboard; name = Base; path = Base.lproj/LaunchScreen.storyboard; sourceTree = "<group>"; };
		8B4DB2122C0DB77F0055AB7A /* ForStayingAliveTests.xctest */ = {isa = PBXFileReference; explicitFileType = wrapper.cfbundle; includeInIndex = 0; path = ForStayingAliveTests.xctest; sourceTree = BUILT_PRODUCTS_DIR; };
		8B4DB2162C0DB77F0055AB7A /* ForStayingAliveTests.swift */ = {isa = PBXFileReference; lastKnownFileType = sourcecode.swift; path = ForStayingAliveTests.swift; sourceTree = "<group>"; };
		8B4DB21C2C0DB77F0055AB7A /* ForStayingAliveUITests.xctest */ = {isa = PBXFileReference; explicitFileType = wrapper.cfbundle; includeInIndex = 0; path = ForStayingAliveUITests.xctest; sourceTree = BUILT_PRODUCTS_DIR; };
		8B4DB2202C0DB77F0055AB7A /* ForStayingAliveUITests.swift */ = {isa = PBXFileReference; lastKnownFileType = sourcecode.swift; path = ForStayingAliveUITests.swift; sourceTree = "<group>"; };
		8B4DB2222C0DB77F0055AB7A /* ForStayingAliveUITestsLaunchTests.swift */ = {isa = PBXFileReference; lastKnownFileType = sourcecode.swift; path = ForStayingAliveUITestsLaunchTests.swift; sourceTree = "<group>"; };
		8B66D0A82C1803F100BB6573 /* ProgressBarNode.swift */ = {isa = PBXFileReference; lastKnownFileType = sourcecode.swift; path = ProgressBarNode.swift; sourceTree = "<group>"; };
		8B92D3692C20134700F6B2D2 /* Sound.swift */ = {isa = PBXFileReference; lastKnownFileType = sourcecode.swift; path = Sound.swift; sourceTree = "<group>"; };
		8B92D36E2C20148000F6B2D2 /* indoor-footsteps-6385.mp3 */ = {isa = PBXFileReference; lastKnownFileType = audio.mp3; path = "indoor-footsteps-6385.mp3"; sourceTree = "<group>"; };
		8B92D3702C20148000F6B2D2 /* zombie-attack-6419.mp3 */ = {isa = PBXFileReference; lastKnownFileType = audio.mp3; path = "zombie-attack-6419.mp3"; sourceTree = "<group>"; };
		8B92D3712C20148000F6B2D2 /* zmb2_dead-92305.mp3 */ = {isa = PBXFileReference; lastKnownFileType = audio.mp3; path = "zmb2_dead-92305.mp3"; sourceTree = "<group>"; };
		8B92D3722C20148000F6B2D2 /* undead-scream.mp3 */ = {isa = PBXFileReference; lastKnownFileType = audio.mp3; path = "undead-scream.mp3"; sourceTree = "<group>"; };
		8B92D3732C20148000F6B2D2 /* mutated-zombie-sound-211722.mp3 */ = {isa = PBXFileReference; lastKnownFileType = audio.mp3; path = "mutated-zombie-sound-211722.mp3"; sourceTree = "<group>"; };
		8B96FDB32C22E96100E2EE7D /* CountdownTimerViewModel.swift */ = {isa = PBXFileReference; lastKnownFileType = sourcecode.swift; path = CountdownTimerViewModel.swift; sourceTree = "<group>"; };
		8BC6D8E72C1DCE2A00F73142 /* LeftBehindScene.swift */ = {isa = PBXFileReference; lastKnownFileType = sourcecode.swift; path = LeftBehindScene.swift; sourceTree = "<group>"; };
		E42E8E742C11729300FF73F4 /* Constants.swift */ = {isa = PBXFileReference; lastKnownFileType = sourcecode.swift; path = Constants.swift; sourceTree = "<group>"; };
		E42E8E762C118B1900FF73F4 /* HeroSprite.swift */ = {isa = PBXFileReference; lastKnownFileType = sourcecode.swift; path = HeroSprite.swift; sourceTree = "<group>"; };
		E42E8E782C11955900FF73F4 /* ExplorationMap.swift */ = {isa = PBXFileReference; lastKnownFileType = sourcecode.swift; path = ExplorationMap.swift; sourceTree = "<group>"; };
		E42E8E862C13F5BF00FF73F4 /* AnalogJoystick.swift */ = {isa = PBXFileReference; lastKnownFileType = sourcecode.swift; path = AnalogJoystick.swift; sourceTree = "<group>"; };
		E42E8E882C1417E400FF73F4 /* RunningButton.swift */ = {isa = PBXFileReference; lastKnownFileType = sourcecode.swift; path = RunningButton.swift; sourceTree = "<group>"; };
		E437B2092C19FF0500D6E6A8 /* Extensions.swift */ = {isa = PBXFileReference; lastKnownFileType = sourcecode.swift; path = Extensions.swift; sourceTree = "<group>"; };
		E437B20F2C1D613A00D6E6A8 /* MedkitButton.swift */ = {isa = PBXFileReference; lastKnownFileType = sourcecode.swift; path = MedkitButton.swift; sourceTree = "<group>"; };
		E451A5C12C2453390061A7DC /* EvacuationScene.swift */ = {isa = PBXFileReference; fileEncoding = 4; lastKnownFileType = sourcecode.swift; path = EvacuationScene.swift; sourceTree = "<group>"; };
		E451A5C52C245A270061A7DC /* DeathScene.swift */ = {isa = PBXFileReference; lastKnownFileType = sourcecode.swift; path = DeathScene.swift; sourceTree = "<group>"; };
		E451A5C72C2476180061A7DC /* CountdownTimer.swift */ = {isa = PBXFileReference; fileEncoding = 4; lastKnownFileType = sourcecode.swift; path = CountdownTimer.swift; sourceTree = "<group>"; };
		E451A5CD2C256D140061A7DC /* SFXManager.swift */ = {isa = PBXFileReference; fileEncoding = 4; lastKnownFileType = sourcecode.swift; path = SFXManager.swift; sourceTree = "<group>"; };
		E451A5CF2C256F250061A7DC /* CountdownManager.swift */ = {isa = PBXFileReference; fileEncoding = 4; lastKnownFileType = sourcecode.swift; path = CountdownManager.swift; sourceTree = "<group>"; };
		E451A5D12C256FD40061A7DC /* Helicopter2Minutes.wav */ = {isa = PBXFileReference; lastKnownFileType = audio.wav; path = Helicopter2Minutes.wav; sourceTree = "<group>"; };
		E451A5D22C256FD40061A7DC /* HelicopterProlog.m4a */ = {isa = PBXFileReference; lastKnownFileType = file; path = HelicopterProlog.m4a; sourceTree = "<group>"; };
		E451A5D32C256FD40061A7DC /* HelicopterTakeOff.wav */ = {isa = PBXFileReference; lastKnownFileType = audio.wav; path = HelicopterTakeOff.wav; sourceTree = "<group>"; };
		E451A5DC2C25C02B0061A7DC /* SubtitleManager.swift */ = {isa = PBXFileReference; fileEncoding = 4; lastKnownFileType = sourcecode.swift; path = SubtitleManager.swift; sourceTree = "<group>"; };
		E451A5E22C29A4170061A7DC /* UndeadSpawner.swift */ = {isa = PBXFileReference; fileEncoding = 4; lastKnownFileType = sourcecode.swift; path = UndeadSpawner.swift; sourceTree = "<group>"; };
		E451A5E42C2A638B0061A7DC /* undead-attack.mp3 */ = {isa = PBXFileReference; lastKnownFileType = audio.mp3; path = "undead-attack.mp3"; sourceTree = "<group>"; };
		E451A5E62C2A64FC0061A7DC /* undead-bite.mp3 */ = {isa = PBXFileReference; lastKnownFileType = audio.mp3; path = "undead-bite.mp3"; sourceTree = "<group>"; };
		E48D483B2C15259200B97DEB /* UndeadSprite.swift */ = {isa = PBXFileReference; lastKnownFileType = sourcecode.swift; path = UndeadSprite.swift; sourceTree = "<group>"; };
		E49C38D72C17F95500868DDA /* ChestSprite.swift */ = {isa = PBXFileReference; lastKnownFileType = sourcecode.swift; path = ChestSprite.swift; sourceTree = "<group>"; };
		E49C38D92C18024A00868DDA /* InteractButton.swift */ = {isa = PBXFileReference; lastKnownFileType = sourcecode.swift; path = InteractButton.swift; sourceTree = "<group>"; };
		E4CB75132C194B880059FED9 /* LockerSprite.swift */ = {isa = PBXFileReference; lastKnownFileType = sourcecode.swift; path = LockerSprite.swift; sourceTree = "<group>"; };
		E4E14A312C1834ED00A8E101 /* HidingButton.swift */ = {isa = PBXFileReference; lastKnownFileType = sourcecode.swift; path = HidingButton.swift; sourceTree = "<group>"; };
		E4FDDE1B2C231958001EC9F6 /* SoundManager.swift */ = {isa = PBXFileReference; lastKnownFileType = sourcecode.swift; path = SoundManager.swift; sourceTree = "<group>"; };
		E4FDDE1D2C2319F4001EC9F6 /* the-hired.m4a */ = {isa = PBXFileReference; lastKnownFileType = file; path = "the-hired.m4a"; sourceTree = "<group>"; };
		E4FDDE1F2C231A84001EC9F6 /* helicopter.m4a */ = {isa = PBXFileReference; lastKnownFileType = file; path = helicopter.m4a; sourceTree = "<group>"; };
		E4FDDE222C23C7AF001EC9F6 /* NicoClean-Regular.otf */ = {isa = PBXFileReference; lastKnownFileType = file; path = "NicoClean-Regular.otf"; sourceTree = "<group>"; };
		E4FDDE242C23C819001EC9F6 /* Info.plist */ = {isa = PBXFileReference; lastKnownFileType = text.plist; path = Info.plist; sourceTree = "<group>"; };
/* End PBXFileReference section */

/* Begin PBXFrameworksBuildPhase section */
		8B4DB1F62C0DB77D0055AB7A /* Frameworks */ = {
			isa = PBXFrameworksBuildPhase;
			buildActionMask = 2147483647;
			files = (
			);
			runOnlyForDeploymentPostprocessing = 0;
		};
		8B4DB20F2C0DB77F0055AB7A /* Frameworks */ = {
			isa = PBXFrameworksBuildPhase;
			buildActionMask = 2147483647;
			files = (
			);
			runOnlyForDeploymentPostprocessing = 0;
		};
		8B4DB2192C0DB77F0055AB7A /* Frameworks */ = {
			isa = PBXFrameworksBuildPhase;
			buildActionMask = 2147483647;
			files = (
			);
			runOnlyForDeploymentPostprocessing = 0;
		};
/* End PBXFrameworksBuildPhase section */

/* Begin PBXGroup section */
		8B4DB1F02C0DB77D0055AB7A = {
			isa = PBXGroup;
			children = (
				8B4DB1FB2C0DB77D0055AB7A /* ForStayingAlive */,
				8B4DB2152C0DB77F0055AB7A /* ForStayingAliveTests */,
				8B4DB21F2C0DB77F0055AB7A /* ForStayingAliveUITests */,
				8B4DB1FA2C0DB77D0055AB7A /* Products */,
			);
			sourceTree = "<group>";
		};
		8B4DB1FA2C0DB77D0055AB7A /* Products */ = {
			isa = PBXGroup;
			children = (
				8B4DB1F92C0DB77D0055AB7A /* ForStayingAlive.app */,
				8B4DB2122C0DB77F0055AB7A /* ForStayingAliveTests.xctest */,
				8B4DB21C2C0DB77F0055AB7A /* ForStayingAliveUITests.xctest */,
			);
			name = Products;
			sourceTree = "<group>";
		};
		8B4DB1FB2C0DB77D0055AB7A /* ForStayingAlive */ = {
			isa = PBXGroup;
			children = (
				E4FDDE242C23C819001EC9F6 /* Info.plist */,
				E42E8E6E2C11711E00FF73F4 /* Mains */,
				8B96FDB22C22E93900E2EE7D /* ViewModels */,
				8B92D3682C20133900F6B2D2 /* Models */,
				E42E8E6B2C1170EE00FF73F4 /* Delegates */,
				E42E8E732C11728000FF73F4 /* Supports */,
				E42E8E6D2C11710B00FF73F4 /* ViewControllers */,
				E42E8E6C2C1170F800FF73F4 /* Scenes */,
				8B690C2B2C115F760062B64A /* Sprites & Buttons */,
				8B66D0A72C1803DB00BB6573 /* Nodes */,
				E4FDDE1A2C231772001EC9F6 /* Sounds */,
				E4FDDE212C23C79D001EC9F6 /* Fonts */,
				8B4DB2092C0DB77E0055AB7A /* Assets.xcassets */,
			);
			path = ForStayingAlive;
			sourceTree = "<group>";
		};
		8B4DB2152C0DB77F0055AB7A /* ForStayingAliveTests */ = {
			isa = PBXGroup;
			children = (
				8B4DB2162C0DB77F0055AB7A /* ForStayingAliveTests.swift */,
			);
			path = ForStayingAliveTests;
			sourceTree = "<group>";
		};
		8B4DB21F2C0DB77F0055AB7A /* ForStayingAliveUITests */ = {
			isa = PBXGroup;
			children = (
				8B4DB2202C0DB77F0055AB7A /* ForStayingAliveUITests.swift */,
				8B4DB2222C0DB77F0055AB7A /* ForStayingAliveUITestsLaunchTests.swift */,
			);
			path = ForStayingAliveUITests;
			sourceTree = "<group>";
		};
		8B66D0A72C1803DB00BB6573 /* Nodes */ = {
			isa = PBXGroup;
			children = (
				8B66D0A82C1803F100BB6573 /* ProgressBarNode.swift */,
				8B00C4872C1BD9030083D972 /* NextSceneNode.swift */,
			);
			path = Nodes;
			sourceTree = "<group>";
		};
		8B690C2B2C115F760062B64A /* Sprites & Buttons */ = {
			isa = PBXGroup;
			children = (
				E451A5E22C29A4170061A7DC /* UndeadSpawner.swift */,
				E437B20D2C1D606000D6E6A8 /* Sprites */,
				E437B20E2C1D606900D6E6A8 /* Buttons */,
			);
			path = "Sprites & Buttons";
			sourceTree = "<group>";
		};
		8B92D3682C20133900F6B2D2 /* Models */ = {
			isa = PBXGroup;
			children = (
				8B92D3692C20134700F6B2D2 /* Sound.swift */,
			);
			path = Models;
			sourceTree = "<group>";
		};
		8B92D36B2C20145C00F6B2D2 /* SFX */ = {
			isa = PBXGroup;
			children = (
				8B92D36E2C20148000F6B2D2 /* indoor-footsteps-6385.mp3 */,
				8B92D3732C20148000F6B2D2 /* mutated-zombie-sound-211722.mp3 */,
				8B92D3712C20148000F6B2D2 /* zmb2_dead-92305.mp3 */,
				8B92D3702C20148000F6B2D2 /* zombie-attack-6419.mp3 */,
				8B92D3722C20148000F6B2D2 /* undead-scream.mp3 */,
				E451A5E42C2A638B0061A7DC /* undead-attack.mp3 */,
				E451A5E62C2A64FC0061A7DC /* undead-bite.mp3 */,
			);
			path = SFX;
			sourceTree = "<group>";
		};
		8B96FDB22C22E93900E2EE7D /* ViewModels */ = {
			isa = PBXGroup;
			children = (
				8B96FDB32C22E96100E2EE7D /* CountdownTimerViewModel.swift */,
			);
			path = ViewModels;
			sourceTree = "<group>";
		};
		E42E8E6B2C1170EE00FF73F4 /* Delegates */ = {
			isa = PBXGroup;
			children = (
				8B4DB1FC2C0DB77D0055AB7A /* AppDelegate.swift */,
			);
			path = Delegates;
			sourceTree = "<group>";
		};
		E42E8E6C2C1170F800FF73F4 /* Scenes */ = {
			isa = PBXGroup;
			children = (
				E42E8E782C11955900FF73F4 /* ExplorationMap.swift */,
				E451A5C12C2453390061A7DC /* EvacuationScene.swift */,
				E451A5C52C245A270061A7DC /* DeathScene.swift */,
				8BC6D8E72C1DCE2A00F73142 /* LeftBehindScene.swift */,
			);
			path = Scenes;
			sourceTree = "<group>";
		};
		E42E8E6D2C11710B00FF73F4 /* ViewControllers */ = {
			isa = PBXGroup;
			children = (
				8B4DB2042C0DB77D0055AB7A /* GameViewController.swift */,
			);
			path = ViewControllers;
			sourceTree = "<group>";
		};
		E42E8E6E2C11711E00FF73F4 /* Mains */ = {
			isa = PBXGroup;
			children = (
				8B4DB2062C0DB77D0055AB7A /* Main.storyboard */,
				8B4DB20B2C0DB77E0055AB7A /* LaunchScreen.storyboard */,
			);
			path = Mains;
			sourceTree = "<group>";
		};
		E42E8E732C11728000FF73F4 /* Supports */ = {
			isa = PBXGroup;
			children = (
				E437B2092C19FF0500D6E6A8 /* Extensions.swift */,
				E42E8E742C11729300FF73F4 /* Constants.swift */,
				E42E8E862C13F5BF00FF73F4 /* AnalogJoystick.swift */,
				E4FDDE1B2C231958001EC9F6 /* SoundManager.swift */,
				E451A5CD2C256D140061A7DC /* SFXManager.swift */,
				E451A5DC2C25C02B0061A7DC /* SubtitleManager.swift */,
				E451A5CF2C256F250061A7DC /* CountdownManager.swift */,
				E451A5C72C2476180061A7DC /* CountdownTimer.swift */,
			);
			path = Supports;
			sourceTree = "<group>";
		};
		E437B20D2C1D606000D6E6A8 /* Sprites */ = {
			isa = PBXGroup;
			children = (
				E42E8E762C118B1900FF73F4 /* HeroSprite.swift */,
				E48D483B2C15259200B97DEB /* UndeadSprite.swift */,
				E4CB75132C194B880059FED9 /* LockerSprite.swift */,
				E49C38D72C17F95500868DDA /* ChestSprite.swift */,
				8B05B5C32C296D020001384E /* HelicopterSprite.swift */,
			);
			path = Sprites;
			sourceTree = "<group>";
		};
		E437B20E2C1D606900D6E6A8 /* Buttons */ = {
			isa = PBXGroup;
			children = (
				E42E8E882C1417E400FF73F4 /* RunningButton.swift */,
				E49C38D92C18024A00868DDA /* InteractButton.swift */,
				E4E14A312C1834ED00A8E101 /* HidingButton.swift */,
				E437B20F2C1D613A00D6E6A8 /* MedkitButton.swift */,
				8B05B5C52C2970140001384E /* RetryButton.swift */,
			);
			path = Buttons;
			sourceTree = "<group>";
		};
		E451A5D42C256FD40061A7DC /* ChopperVoices */ = {
			isa = PBXGroup;
			children = (
				E451A5D12C256FD40061A7DC /* Helicopter2Minutes.wav */,
				E451A5D22C256FD40061A7DC /* HelicopterProlog.m4a */,
				E451A5D32C256FD40061A7DC /* HelicopterTakeOff.wav */,
			);
			path = ChopperVoices;
			sourceTree = "<group>";
		};
		E4FDDE1A2C231772001EC9F6 /* Sounds */ = {
			isa = PBXGroup;
			children = (
				8B92D36B2C20145C00F6B2D2 /* SFX */,
				E451A5D42C256FD40061A7DC /* ChopperVoices */,
				E4FDDE1D2C2319F4001EC9F6 /* the-hired.m4a */,
				E4FDDE1F2C231A84001EC9F6 /* helicopter.m4a */,
			);
			path = Sounds;
			sourceTree = "<group>";
		};
		E4FDDE212C23C79D001EC9F6 /* Fonts */ = {
			isa = PBXGroup;
			children = (
				E4FDDE222C23C7AF001EC9F6 /* NicoClean-Regular.otf */,
			);
			path = Fonts;
			sourceTree = "<group>";
		};
/* End PBXGroup section */

/* Begin PBXNativeTarget section */
		8B4DB1F82C0DB77D0055AB7A /* ForStayingAlive */ = {
			isa = PBXNativeTarget;
			buildConfigurationList = 8B4DB2262C0DB77F0055AB7A /* Build configuration list for PBXNativeTarget "ForStayingAlive" */;
			buildPhases = (
				8B4DB1F52C0DB77D0055AB7A /* Sources */,
				8B4DB1F62C0DB77D0055AB7A /* Frameworks */,
				8B4DB1F72C0DB77D0055AB7A /* Resources */,
			);
			buildRules = (
			);
			dependencies = (
			);
			name = ForStayingAlive;
			productName = ForStayingAlive;
			productReference = 8B4DB1F92C0DB77D0055AB7A /* ForStayingAlive.app */;
			productType = "com.apple.product-type.application";
		};
		8B4DB2112C0DB77F0055AB7A /* ForStayingAliveTests */ = {
			isa = PBXNativeTarget;
			buildConfigurationList = 8B4DB2292C0DB77F0055AB7A /* Build configuration list for PBXNativeTarget "ForStayingAliveTests" */;
			buildPhases = (
				8B4DB20E2C0DB77F0055AB7A /* Sources */,
				8B4DB20F2C0DB77F0055AB7A /* Frameworks */,
				8B4DB2102C0DB77F0055AB7A /* Resources */,
			);
			buildRules = (
			);
			dependencies = (
				8B4DB2142C0DB77F0055AB7A /* PBXTargetDependency */,
			);
			name = ForStayingAliveTests;
			productName = ForStayingAliveTests;
			productReference = 8B4DB2122C0DB77F0055AB7A /* ForStayingAliveTests.xctest */;
			productType = "com.apple.product-type.bundle.unit-test";
		};
		8B4DB21B2C0DB77F0055AB7A /* ForStayingAliveUITests */ = {
			isa = PBXNativeTarget;
			buildConfigurationList = 8B4DB22C2C0DB77F0055AB7A /* Build configuration list for PBXNativeTarget "ForStayingAliveUITests" */;
			buildPhases = (
				8B4DB2182C0DB77F0055AB7A /* Sources */,
				8B4DB2192C0DB77F0055AB7A /* Frameworks */,
				8B4DB21A2C0DB77F0055AB7A /* Resources */,
			);
			buildRules = (
			);
			dependencies = (
				8B4DB21E2C0DB77F0055AB7A /* PBXTargetDependency */,
			);
			name = ForStayingAliveUITests;
			productName = ForStayingAliveUITests;
			productReference = 8B4DB21C2C0DB77F0055AB7A /* ForStayingAliveUITests.xctest */;
			productType = "com.apple.product-type.bundle.ui-testing";
		};
/* End PBXNativeTarget section */

/* Begin PBXProject section */
		8B4DB1F12C0DB77D0055AB7A /* Project object */ = {
			isa = PBXProject;
			attributes = {
				BuildIndependentTargetsInParallel = 1;
				LastSwiftUpdateCheck = 1530;
				LastUpgradeCheck = 1530;
				TargetAttributes = {
					8B4DB1F82C0DB77D0055AB7A = {
						CreatedOnToolsVersion = 15.3;
					};
					8B4DB2112C0DB77F0055AB7A = {
						CreatedOnToolsVersion = 15.3;
						TestTargetID = 8B4DB1F82C0DB77D0055AB7A;
					};
					8B4DB21B2C0DB77F0055AB7A = {
						CreatedOnToolsVersion = 15.3;
						TestTargetID = 8B4DB1F82C0DB77D0055AB7A;
					};
				};
			};
			buildConfigurationList = 8B4DB1F42C0DB77D0055AB7A /* Build configuration list for PBXProject "ForStayingAlive" */;
			compatibilityVersion = "Xcode 14.0";
			developmentRegion = en;
			hasScannedForEncodings = 0;
			knownRegions = (
				en,
				Base,
			);
			mainGroup = 8B4DB1F02C0DB77D0055AB7A;
			packageReferences = (
			);
			productRefGroup = 8B4DB1FA2C0DB77D0055AB7A /* Products */;
			projectDirPath = "";
			projectRoot = "";
			targets = (
				8B4DB1F82C0DB77D0055AB7A /* ForStayingAlive */,
				8B4DB2112C0DB77F0055AB7A /* ForStayingAliveTests */,
				8B4DB21B2C0DB77F0055AB7A /* ForStayingAliveUITests */,
			);
		};
/* End PBXProject section */

/* Begin PBXResourcesBuildPhase section */
		8B4DB1F72C0DB77D0055AB7A /* Resources */ = {
			isa = PBXResourcesBuildPhase;
			buildActionMask = 2147483647;
			files = (
				E4FDDE202C231A84001EC9F6 /* helicopter.m4a in Resources */,
				E4FDDE232C23C7AF001EC9F6 /* NicoClean-Regular.otf in Resources */,
				8B92D3792C20148000F6B2D2 /* mutated-zombie-sound-211722.mp3 in Resources */,
				8B92D3772C20148000F6B2D2 /* zmb2_dead-92305.mp3 in Resources */,
				E451A5D72C256FD40061A7DC /* HelicopterTakeOff.wav in Resources */,
				E451A5E52C2A638B0061A7DC /* undead-attack.mp3 in Resources */,
				E451A5D52C256FD40061A7DC /* Helicopter2Minutes.wav in Resources */,
				8B4DB2082C0DB77D0055AB7A /* Base in Resources */,
				8B00C4892C1BE0290083D972 /* Assets.xcassets in Resources */,
				8B92D3782C20148000F6B2D2 /* undead-scream.mp3 in Resources */,
				8B92D3762C20148000F6B2D2 /* zombie-attack-6419.mp3 in Resources */,
				8B4DB20D2C0DB77E0055AB7A /* Base in Resources */,
				E451A5D62C256FD40061A7DC /* HelicopterProlog.m4a in Resources */,
				E4FDDE1E2C2319F4001EC9F6 /* the-hired.m4a in Resources */,
				8B92D3742C20148000F6B2D2 /* indoor-footsteps-6385.mp3 in Resources */,
				E451A5E72C2A64FC0061A7DC /* undead-bite.mp3 in Resources */,
			);
			runOnlyForDeploymentPostprocessing = 0;
		};
		8B4DB2102C0DB77F0055AB7A /* Resources */ = {
			isa = PBXResourcesBuildPhase;
			buildActionMask = 2147483647;
			files = (
			);
			runOnlyForDeploymentPostprocessing = 0;
		};
		8B4DB21A2C0DB77F0055AB7A /* Resources */ = {
			isa = PBXResourcesBuildPhase;
			buildActionMask = 2147483647;
			files = (
			);
			runOnlyForDeploymentPostprocessing = 0;
		};
/* End PBXResourcesBuildPhase section */

/* Begin PBXSourcesBuildPhase section */
		8B4DB1F52C0DB77D0055AB7A /* Sources */ = {
			isa = PBXSourcesBuildPhase;
			buildActionMask = 2147483647;
			files = (
				E451A5C62C245A270061A7DC /* DeathScene.swift in Sources */,
				E451A5D02C256F250061A7DC /* CountdownManager.swift in Sources */,
				E42E8E752C11729300FF73F4 /* Constants.swift in Sources */,
				E4FDDE1C2C231958001EC9F6 /* SoundManager.swift in Sources */,
				8B00C4882C1BD9030083D972 /* NextSceneNode.swift in Sources */,
				E451A5C22C2453390061A7DC /* EvacuationScene.swift in Sources */,
				E451A5E32C29A4180061A7DC /* UndeadSpawner.swift in Sources */,
				E42E8E792C11955900FF73F4 /* ExplorationMap.swift in Sources */,
				E451A5C82C2476180061A7DC /* CountdownTimer.swift in Sources */,
				8B05B5C62C2970140001384E /* RetryButton.swift in Sources */,
				E49C38D82C17F95500868DDA /* ChestSprite.swift in Sources */,
				8B92D36A2C20134700F6B2D2 /* Sound.swift in Sources */,
				8B4DB2052C0DB77D0055AB7A /* GameViewController.swift in Sources */,
				E4CB75142C194B880059FED9 /* LockerSprite.swift in Sources */,
				8BC6D8E82C1DCE2A00F73142 /* LeftBehindScene.swift in Sources */,
				8B4DB1FD2C0DB77D0055AB7A /* AppDelegate.swift in Sources */,
				E451A5DD2C25C02B0061A7DC /* SubtitleManager.swift in Sources */,
				8B66D0A92C1803F100BB6573 /* ProgressBarNode.swift in Sources */,
				E49C38DA2C18024A00868DDA /* InteractButton.swift in Sources */,
				E437B2102C1D613A00D6E6A8 /* MedkitButton.swift in Sources */,
				E42E8E772C118B1900FF73F4 /* HeroSprite.swift in Sources */,
				8B96FDB42C22E96100E2EE7D /* CountdownTimerViewModel.swift in Sources */,
				E4E14A322C1834ED00A8E101 /* HidingButton.swift in Sources */,
				E437B20A2C19FF0500D6E6A8 /* Extensions.swift in Sources */,
				8B05B5C42C296D020001384E /* HelicopterSprite.swift in Sources */,
				E48D483C2C15259200B97DEB /* UndeadSprite.swift in Sources */,
				E42E8E872C13F5BF00FF73F4 /* AnalogJoystick.swift in Sources */,
				E42E8E892C1417E400FF73F4 /* RunningButton.swift in Sources */,
				E451A5CE2C256D140061A7DC /* SFXManager.swift in Sources */,
			);
			runOnlyForDeploymentPostprocessing = 0;
		};
		8B4DB20E2C0DB77F0055AB7A /* Sources */ = {
			isa = PBXSourcesBuildPhase;
			buildActionMask = 2147483647;
			files = (
				8B4DB2172C0DB77F0055AB7A /* ForStayingAliveTests.swift in Sources */,
			);
			runOnlyForDeploymentPostprocessing = 0;
		};
		8B4DB2182C0DB77F0055AB7A /* Sources */ = {
			isa = PBXSourcesBuildPhase;
			buildActionMask = 2147483647;
			files = (
				8B4DB2232C0DB77F0055AB7A /* ForStayingAliveUITestsLaunchTests.swift in Sources */,
				8B4DB2212C0DB77F0055AB7A /* ForStayingAliveUITests.swift in Sources */,
			);
			runOnlyForDeploymentPostprocessing = 0;
		};
/* End PBXSourcesBuildPhase section */

/* Begin PBXTargetDependency section */
		8B4DB2142C0DB77F0055AB7A /* PBXTargetDependency */ = {
			isa = PBXTargetDependency;
			target = 8B4DB1F82C0DB77D0055AB7A /* ForStayingAlive */;
			targetProxy = 8B4DB2132C0DB77F0055AB7A /* PBXContainerItemProxy */;
		};
		8B4DB21E2C0DB77F0055AB7A /* PBXTargetDependency */ = {
			isa = PBXTargetDependency;
			target = 8B4DB1F82C0DB77D0055AB7A /* ForStayingAlive */;
			targetProxy = 8B4DB21D2C0DB77F0055AB7A /* PBXContainerItemProxy */;
		};
/* End PBXTargetDependency section */

/* Begin PBXVariantGroup section */
		8B4DB2062C0DB77D0055AB7A /* Main.storyboard */ = {
			isa = PBXVariantGroup;
			children = (
				8B4DB2072C0DB77D0055AB7A /* Base */,
			);
			name = Main.storyboard;
			sourceTree = "<group>";
		};
		8B4DB20B2C0DB77E0055AB7A /* LaunchScreen.storyboard */ = {
			isa = PBXVariantGroup;
			children = (
				8B4DB20C2C0DB77E0055AB7A /* Base */,
			);
			name = LaunchScreen.storyboard;
			sourceTree = "<group>";
		};
/* End PBXVariantGroup section */

/* Begin XCBuildConfiguration section */
		8B4DB2242C0DB77F0055AB7A /* Debug */ = {
			isa = XCBuildConfiguration;
			buildSettings = {
				ALWAYS_SEARCH_USER_PATHS = NO;
				ASSETCATALOG_COMPILER_GENERATE_SWIFT_ASSET_SYMBOL_EXTENSIONS = YES;
				CLANG_ANALYZER_NONNULL = YES;
				CLANG_ANALYZER_NUMBER_OBJECT_CONVERSION = YES_AGGRESSIVE;
				CLANG_CXX_LANGUAGE_STANDARD = "gnu++20";
				CLANG_ENABLE_MODULES = YES;
				CLANG_ENABLE_OBJC_ARC = YES;
				CLANG_ENABLE_OBJC_WEAK = YES;
				CLANG_WARN_BLOCK_CAPTURE_AUTORELEASING = YES;
				CLANG_WARN_BOOL_CONVERSION = YES;
				CLANG_WARN_COMMA = YES;
				CLANG_WARN_CONSTANT_CONVERSION = YES;
				CLANG_WARN_DEPRECATED_OBJC_IMPLEMENTATIONS = YES;
				CLANG_WARN_DIRECT_OBJC_ISA_USAGE = YES_ERROR;
				CLANG_WARN_DOCUMENTATION_COMMENTS = YES;
				CLANG_WARN_EMPTY_BODY = YES;
				CLANG_WARN_ENUM_CONVERSION = YES;
				CLANG_WARN_INFINITE_RECURSION = YES;
				CLANG_WARN_INT_CONVERSION = YES;
				CLANG_WARN_NON_LITERAL_NULL_CONVERSION = YES;
				CLANG_WARN_OBJC_IMPLICIT_RETAIN_SELF = YES;
				CLANG_WARN_OBJC_LITERAL_CONVERSION = YES;
				CLANG_WARN_OBJC_ROOT_CLASS = YES_ERROR;
				CLANG_WARN_QUOTED_INCLUDE_IN_FRAMEWORK_HEADER = YES;
				CLANG_WARN_RANGE_LOOP_ANALYSIS = YES;
				CLANG_WARN_STRICT_PROTOTYPES = YES;
				CLANG_WARN_SUSPICIOUS_MOVE = YES;
				CLANG_WARN_UNGUARDED_AVAILABILITY = YES_AGGRESSIVE;
				CLANG_WARN_UNREACHABLE_CODE = YES;
				CLANG_WARN__DUPLICATE_METHOD_MATCH = YES;
				COPY_PHASE_STRIP = NO;
				DEBUG_INFORMATION_FORMAT = dwarf;
				ENABLE_STRICT_OBJC_MSGSEND = YES;
				ENABLE_TESTABILITY = YES;
				ENABLE_USER_SCRIPT_SANDBOXING = YES;
				GCC_C_LANGUAGE_STANDARD = gnu17;
				GCC_DYNAMIC_NO_PIC = NO;
				GCC_NO_COMMON_BLOCKS = YES;
				GCC_OPTIMIZATION_LEVEL = 0;
				GCC_PREPROCESSOR_DEFINITIONS = (
					"DEBUG=1",
					"$(inherited)",
				);
				GCC_WARN_64_TO_32_BIT_CONVERSION = YES;
				GCC_WARN_ABOUT_RETURN_TYPE = YES_ERROR;
				GCC_WARN_UNDECLARED_SELECTOR = YES;
				GCC_WARN_UNINITIALIZED_AUTOS = YES_AGGRESSIVE;
				GCC_WARN_UNUSED_FUNCTION = YES;
				GCC_WARN_UNUSED_VARIABLE = YES;
				IPHONEOS_DEPLOYMENT_TARGET = 17.4;
				LOCALIZATION_PREFERS_STRING_CATALOGS = YES;
				MTL_ENABLE_DEBUG_INFO = INCLUDE_SOURCE;
				MTL_FAST_MATH = YES;
				ONLY_ACTIVE_ARCH = YES;
				SDKROOT = iphoneos;
				SWIFT_ACTIVE_COMPILATION_CONDITIONS = "DEBUG $(inherited)";
				SWIFT_OPTIMIZATION_LEVEL = "-Onone";
			};
			name = Debug;
		};
		8B4DB2252C0DB77F0055AB7A /* Release */ = {
			isa = XCBuildConfiguration;
			buildSettings = {
				ALWAYS_SEARCH_USER_PATHS = NO;
				ASSETCATALOG_COMPILER_GENERATE_SWIFT_ASSET_SYMBOL_EXTENSIONS = YES;
				CLANG_ANALYZER_NONNULL = YES;
				CLANG_ANALYZER_NUMBER_OBJECT_CONVERSION = YES_AGGRESSIVE;
				CLANG_CXX_LANGUAGE_STANDARD = "gnu++20";
				CLANG_ENABLE_MODULES = YES;
				CLANG_ENABLE_OBJC_ARC = YES;
				CLANG_ENABLE_OBJC_WEAK = YES;
				CLANG_WARN_BLOCK_CAPTURE_AUTORELEASING = YES;
				CLANG_WARN_BOOL_CONVERSION = YES;
				CLANG_WARN_COMMA = YES;
				CLANG_WARN_CONSTANT_CONVERSION = YES;
				CLANG_WARN_DEPRECATED_OBJC_IMPLEMENTATIONS = YES;
				CLANG_WARN_DIRECT_OBJC_ISA_USAGE = YES_ERROR;
				CLANG_WARN_DOCUMENTATION_COMMENTS = YES;
				CLANG_WARN_EMPTY_BODY = YES;
				CLANG_WARN_ENUM_CONVERSION = YES;
				CLANG_WARN_INFINITE_RECURSION = YES;
				CLANG_WARN_INT_CONVERSION = YES;
				CLANG_WARN_NON_LITERAL_NULL_CONVERSION = YES;
				CLANG_WARN_OBJC_IMPLICIT_RETAIN_SELF = YES;
				CLANG_WARN_OBJC_LITERAL_CONVERSION = YES;
				CLANG_WARN_OBJC_ROOT_CLASS = YES_ERROR;
				CLANG_WARN_QUOTED_INCLUDE_IN_FRAMEWORK_HEADER = YES;
				CLANG_WARN_RANGE_LOOP_ANALYSIS = YES;
				CLANG_WARN_STRICT_PROTOTYPES = YES;
				CLANG_WARN_SUSPICIOUS_MOVE = YES;
				CLANG_WARN_UNGUARDED_AVAILABILITY = YES_AGGRESSIVE;
				CLANG_WARN_UNREACHABLE_CODE = YES;
				CLANG_WARN__DUPLICATE_METHOD_MATCH = YES;
				COPY_PHASE_STRIP = NO;
				DEBUG_INFORMATION_FORMAT = "dwarf-with-dsym";
				ENABLE_NS_ASSERTIONS = NO;
				ENABLE_STRICT_OBJC_MSGSEND = YES;
				ENABLE_USER_SCRIPT_SANDBOXING = YES;
				GCC_C_LANGUAGE_STANDARD = gnu17;
				GCC_NO_COMMON_BLOCKS = YES;
				GCC_WARN_64_TO_32_BIT_CONVERSION = YES;
				GCC_WARN_ABOUT_RETURN_TYPE = YES_ERROR;
				GCC_WARN_UNDECLARED_SELECTOR = YES;
				GCC_WARN_UNINITIALIZED_AUTOS = YES_AGGRESSIVE;
				GCC_WARN_UNUSED_FUNCTION = YES;
				GCC_WARN_UNUSED_VARIABLE = YES;
				IPHONEOS_DEPLOYMENT_TARGET = 17.4;
				LOCALIZATION_PREFERS_STRING_CATALOGS = YES;
				MTL_ENABLE_DEBUG_INFO = NO;
				MTL_FAST_MATH = YES;
				SDKROOT = iphoneos;
				SWIFT_COMPILATION_MODE = wholemodule;
				VALIDATE_PRODUCT = YES;
			};
			name = Release;
		};
		8B4DB2272C0DB77F0055AB7A /* Debug */ = {
			isa = XCBuildConfiguration;
			buildSettings = {
				ASSETCATALOG_COMPILER_APPICON_NAME = AppIcon;
				ASSETCATALOG_COMPILER_GLOBAL_ACCENT_COLOR_NAME = AccentColor;
				CODE_SIGN_STYLE = Automatic;
				CURRENT_PROJECT_VERSION = 1;
				DEVELOPMENT_TEAM = 56MX8FP3GC;
				GENERATE_INFOPLIST_FILE = YES;
				INFOPLIST_FILE = ForStayingAlive/Info.plist;
				INFOPLIST_KEY_CFBundleDisplayName = "The Last Flight Out";
				INFOPLIST_KEY_UIApplicationSupportsIndirectInputEvents = YES;
				INFOPLIST_KEY_UILaunchStoryboardName = LaunchScreen;
				INFOPLIST_KEY_UIMainStoryboardFile = Main;
				INFOPLIST_KEY_UIRequiresFullScreen = YES;
				INFOPLIST_KEY_UIStatusBarHidden = YES;
				INFOPLIST_KEY_UIStatusBarStyle = "";
				INFOPLIST_KEY_UISupportedInterfaceOrientations = UIInterfaceOrientationLandscapeRight;
				IPHONEOS_DEPLOYMENT_TARGET = 17.4;
				LD_RUNPATH_SEARCH_PATHS = (
					"$(inherited)",
					"@executable_path/Frameworks",
				);
				MARKETING_VERSION = 1.0;
				PRODUCT_BUNDLE_IDENTIFIER = com.ranggasaputra.ForStayingAlive;
				PRODUCT_NAME = "$(TARGET_NAME)";
				SWIFT_EMIT_LOC_STRINGS = YES;
				SWIFT_VERSION = 5.0;
				TARGETED_DEVICE_FAMILY = "1,2";
			};
			name = Debug;
		};
		8B4DB2282C0DB77F0055AB7A /* Release */ = {
			isa = XCBuildConfiguration;
			buildSettings = {
				ASSETCATALOG_COMPILER_APPICON_NAME = AppIcon;
				ASSETCATALOG_COMPILER_GLOBAL_ACCENT_COLOR_NAME = AccentColor;
				CODE_SIGN_STYLE = Automatic;
				CURRENT_PROJECT_VERSION = 1;
				DEVELOPMENT_TEAM = 749DSANFYP;
				GENERATE_INFOPLIST_FILE = YES;
				INFOPLIST_FILE = ForStayingAlive/Info.plist;
				INFOPLIST_KEY_CFBundleDisplayName = "The Last Flight Out";
				INFOPLIST_KEY_UIApplicationSupportsIndirectInputEvents = YES;
				INFOPLIST_KEY_UILaunchStoryboardName = LaunchScreen;
				INFOPLIST_KEY_UIMainStoryboardFile = Main;
				INFOPLIST_KEY_UIRequiresFullScreen = YES;
				INFOPLIST_KEY_UIStatusBarHidden = YES;
				INFOPLIST_KEY_UIStatusBarStyle = "";
				INFOPLIST_KEY_UISupportedInterfaceOrientations = UIInterfaceOrientationLandscapeRight;
				IPHONEOS_DEPLOYMENT_TARGET = 17.4;
				LD_RUNPATH_SEARCH_PATHS = (
					"$(inherited)",
					"@executable_path/Frameworks",
				);
				MARKETING_VERSION = 1.0;
				PRODUCT_BUNDLE_IDENTIFIER = com.ranggasaputra.ForStayingAlive;
				PRODUCT_NAME = "$(TARGET_NAME)";
				SWIFT_EMIT_LOC_STRINGS = YES;
				SWIFT_VERSION = 5.0;
				TARGETED_DEVICE_FAMILY = "1,2";
			};
			name = Release;
		};
		8B4DB22A2C0DB77F0055AB7A /* Debug */ = {
			isa = XCBuildConfiguration;
			buildSettings = {
				ALWAYS_EMBED_SWIFT_STANDARD_LIBRARIES = YES;
				BUNDLE_LOADER = "$(TEST_HOST)";
				CODE_SIGN_STYLE = Automatic;
				CURRENT_PROJECT_VERSION = 1;
				DEVELOPMENT_TEAM = NNX37468Q3;
				GENERATE_INFOPLIST_FILE = YES;
				IPHONEOS_DEPLOYMENT_TARGET = 17.4;
				MARKETING_VERSION = 1.0;
				PRODUCT_BUNDLE_IDENTIFIER = com.ranggasaputra.ForStayingAliveTests;
				PRODUCT_NAME = "$(TARGET_NAME)";
				SWIFT_EMIT_LOC_STRINGS = NO;
				SWIFT_VERSION = 5.0;
				TARGETED_DEVICE_FAMILY = "1,2";
				TEST_HOST = "$(BUILT_PRODUCTS_DIR)/ForStayingAlive.app/$(BUNDLE_EXECUTABLE_FOLDER_PATH)/ForStayingAlive";
			};
			name = Debug;
		};
		8B4DB22B2C0DB77F0055AB7A /* Release */ = {
			isa = XCBuildConfiguration;
			buildSettings = {
				ALWAYS_EMBED_SWIFT_STANDARD_LIBRARIES = YES;
				BUNDLE_LOADER = "$(TEST_HOST)";
				CODE_SIGN_STYLE = Automatic;
				CURRENT_PROJECT_VERSION = 1;
				DEVELOPMENT_TEAM = NNX37468Q3;
				GENERATE_INFOPLIST_FILE = YES;
				IPHONEOS_DEPLOYMENT_TARGET = 17.4;
				MARKETING_VERSION = 1.0;
				PRODUCT_BUNDLE_IDENTIFIER = com.ranggasaputra.ForStayingAliveTests;
				PRODUCT_NAME = "$(TARGET_NAME)";
				SWIFT_EMIT_LOC_STRINGS = NO;
				SWIFT_VERSION = 5.0;
				TARGETED_DEVICE_FAMILY = "1,2";
				TEST_HOST = "$(BUILT_PRODUCTS_DIR)/ForStayingAlive.app/$(BUNDLE_EXECUTABLE_FOLDER_PATH)/ForStayingAlive";
			};
			name = Release;
		};
		8B4DB22D2C0DB77F0055AB7A /* Debug */ = {
			isa = XCBuildConfiguration;
			buildSettings = {
				ALWAYS_EMBED_SWIFT_STANDARD_LIBRARIES = YES;
				CODE_SIGN_STYLE = Automatic;
				CURRENT_PROJECT_VERSION = 1;
				DEVELOPMENT_TEAM = NNX37468Q3;
				GENERATE_INFOPLIST_FILE = YES;
				MARKETING_VERSION = 1.0;
				PRODUCT_BUNDLE_IDENTIFIER = com.ranggasaputra.ForStayingAliveUITests;
				PRODUCT_NAME = "$(TARGET_NAME)";
				SWIFT_EMIT_LOC_STRINGS = NO;
				SWIFT_VERSION = 5.0;
				TARGETED_DEVICE_FAMILY = "1,2";
				TEST_TARGET_NAME = ForStayingAlive;
			};
			name = Debug;
		};
		8B4DB22E2C0DB77F0055AB7A /* Release */ = {
			isa = XCBuildConfiguration;
			buildSettings = {
				ALWAYS_EMBED_SWIFT_STANDARD_LIBRARIES = YES;
				CODE_SIGN_STYLE = Automatic;
				CURRENT_PROJECT_VERSION = 1;
				DEVELOPMENT_TEAM = NNX37468Q3;
				GENERATE_INFOPLIST_FILE = YES;
				MARKETING_VERSION = 1.0;
				PRODUCT_BUNDLE_IDENTIFIER = com.ranggasaputra.ForStayingAliveUITests;
				PRODUCT_NAME = "$(TARGET_NAME)";
				SWIFT_EMIT_LOC_STRINGS = NO;
				SWIFT_VERSION = 5.0;
				TARGETED_DEVICE_FAMILY = "1,2";
				TEST_TARGET_NAME = ForStayingAlive;
			};
			name = Release;
		};
/* End XCBuildConfiguration section */

/* Begin XCConfigurationList section */
		8B4DB1F42C0DB77D0055AB7A /* Build configuration list for PBXProject "ForStayingAlive" */ = {
			isa = XCConfigurationList;
			buildConfigurations = (
				8B4DB2242C0DB77F0055AB7A /* Debug */,
				8B4DB2252C0DB77F0055AB7A /* Release */,
			);
			defaultConfigurationIsVisible = 0;
			defaultConfigurationName = Release;
		};
		8B4DB2262C0DB77F0055AB7A /* Build configuration list for PBXNativeTarget "ForStayingAlive" */ = {
			isa = XCConfigurationList;
			buildConfigurations = (
				8B4DB2272C0DB77F0055AB7A /* Debug */,
				8B4DB2282C0DB77F0055AB7A /* Release */,
			);
			defaultConfigurationIsVisible = 0;
			defaultConfigurationName = Release;
		};
		8B4DB2292C0DB77F0055AB7A /* Build configuration list for PBXNativeTarget "ForStayingAliveTests" */ = {
			isa = XCConfigurationList;
			buildConfigurations = (
				8B4DB22A2C0DB77F0055AB7A /* Debug */,
				8B4DB22B2C0DB77F0055AB7A /* Release */,
			);
			defaultConfigurationIsVisible = 0;
			defaultConfigurationName = Release;
		};
		8B4DB22C2C0DB77F0055AB7A /* Build configuration list for PBXNativeTarget "ForStayingAliveUITests" */ = {
			isa = XCConfigurationList;
			buildConfigurations = (
				8B4DB22D2C0DB77F0055AB7A /* Debug */,
				8B4DB22E2C0DB77F0055AB7A /* Release */,
			);
			defaultConfigurationIsVisible = 0;
			defaultConfigurationName = Release;
		};
/* End XCConfigurationList section */
	};
	rootObject = 8B4DB1F12C0DB77D0055AB7A /* Project object */;
}
