// !$*UTF8*$!
{
	archiveVersion = 1;
	classes = {
	};
	objectVersion = 56;
	objects = {

/* Begin PBXBuildFile section */
		8B4DB1FD2C0DB77D0055AB7A /* AppDelegate.swift in Sources */ = {isa = PBXBuildFile; fileRef = 8B4DB1FC2C0DB77D0055AB7A /* AppDelegate.swift */; };
		8B4DB2052C0DB77D0055AB7A /* GameViewController.swift in Sources */ = {isa = PBXBuildFile; fileRef = 8B4DB2042C0DB77D0055AB7A /* GameViewController.swift */; };
		8B4DB2082C0DB77D0055AB7A /* Base in Resources */ = {isa = PBXBuildFile; fileRef = 8B4DB2072C0DB77D0055AB7A /* Base */; };
		8B4DB20A2C0DB77E0055AB7A /* Assets.xcassets in Resources */ = {isa = PBXBuildFile; fileRef = 8B4DB2092C0DB77E0055AB7A /* Assets.xcassets */; };
		8B4DB20D2C0DB77E0055AB7A /* Base in Resources */ = {isa = PBXBuildFile; fileRef = 8B4DB20C2C0DB77E0055AB7A /* Base */; };
		8B4DB2172C0DB77F0055AB7A /* ForStayingAliveTests.swift in Sources */ = {isa = PBXBuildFile; fileRef = 8B4DB2162C0DB77F0055AB7A /* ForStayingAliveTests.swift */; };
		8B4DB2212C0DB77F0055AB7A /* ForStayingAliveUITests.swift in Sources */ = {isa = PBXBuildFile; fileRef = 8B4DB2202C0DB77F0055AB7A /* ForStayingAliveUITests.swift */; };
		8B4DB2232C0DB77F0055AB7A /* ForStayingAliveUITestsLaunchTests.swift in Sources */ = {isa = PBXBuildFile; fileRef = 8B4DB2222C0DB77F0055AB7A /* ForStayingAliveUITestsLaunchTests.swift */; };
		8B66D0A62C17FF6200BB6573 /* LockerSprite.swift in Sources */ = {isa = PBXBuildFile; fileRef = 8B66D0A52C17FF6200BB6573 /* LockerSprite.swift */; };
		8B66D0A92C1803F100BB6573 /* ProgressBarNode.swift in Sources */ = {isa = PBXBuildFile; fileRef = 8B66D0A82C1803F100BB6573 /* ProgressBarNode.swift */; };
		8B66D0AB2C18303D00BB6573 /* HideButtonSprite.swift in Sources */ = {isa = PBXBuildFile; fileRef = 8B66D0AA2C18303D00BB6573 /* HideButtonSprite.swift */; };
		C165CA662C2939080072E9AB /* 1_Generic_32x32.png in Resources */ = {isa = PBXBuildFile; fileRef = C165CA322C2939080072E9AB /* 1_Generic_32x32.png */; };
		C165CA672C2939080072E9AB /* 2_LivingRoom_32x32.png in Resources */ = {isa = PBXBuildFile; fileRef = C165CA342C2939080072E9AB /* 2_LivingRoom_32x32.png */; };
		C165CA682C2939080072E9AB /* 3_Bathroom_32x32.png in Resources */ = {isa = PBXBuildFile; fileRef = C165CA362C2939080072E9AB /* 3_Bathroom_32x32.png */; };
		C165CA692C2939080072E9AB /* 4_Bedroom_32x32.png in Resources */ = {isa = PBXBuildFile; fileRef = C165CA382C2939080072E9AB /* 4_Bedroom_32x32.png */; };
		C165CA6A2C2939080072E9AB /* 5_Classroom_and_library_32x32.png in Resources */ = {isa = PBXBuildFile; fileRef = C165CA3A2C2939080072E9AB /* 5_Classroom_and_library_32x32.png */; };
		C165CA6B2C2939080072E9AB /* 6_Music_and_sport_32x32.png in Resources */ = {isa = PBXBuildFile; fileRef = C165CA3C2C2939080072E9AB /* 6_Music_and_sport_32x32.png */; };
		C165CA6C2C2939080072E9AB /* 7_Art_32x32.png in Resources */ = {isa = PBXBuildFile; fileRef = C165CA3D2C2939080072E9AB /* 7_Art_32x32.png */; };
		C165CA6D2C2939080072E9AB /* 8_Gym_32x32.png in Resources */ = {isa = PBXBuildFile; fileRef = C165CA3E2C2939080072E9AB /* 8_Gym_32x32.png */; };
		C165CA6E2C2939080072E9AB /* 9_Fishing_32x32.png in Resources */ = {isa = PBXBuildFile; fileRef = C165CA3F2C2939080072E9AB /* 9_Fishing_32x32.png */; };
		C165CA6F2C2939080072E9AB /* 10_Birthday_party_32x32.png in Resources */ = {isa = PBXBuildFile; fileRef = C165CA402C2939080072E9AB /* 10_Birthday_party_32x32.png */; };
		C165CA702C2939080072E9AB /* 11_Halloween_32x32.png in Resources */ = {isa = PBXBuildFile; fileRef = C165CA412C2939080072E9AB /* 11_Halloween_32x32.png */; };
		C165CA712C2939080072E9AB /* 12_Kitchen_32x32.png in Resources */ = {isa = PBXBuildFile; fileRef = C165CA422C2939080072E9AB /* 12_Kitchen_32x32.png */; };
		C165CA722C2939080072E9AB /* 13_Conference_Hall_32x32.png in Resources */ = {isa = PBXBuildFile; fileRef = C165CA432C2939080072E9AB /* 13_Conference_Hall_32x32.png */; };
		C165CA732C2939080072E9AB /* 14_Basement_32x32.png in Resources */ = {isa = PBXBuildFile; fileRef = C165CA442C2939080072E9AB /* 14_Basement_32x32.png */; };
		C165CA742C2939080072E9AB /* 15_Christmas_32x32.png in Resources */ = {isa = PBXBuildFile; fileRef = C165CA462C2939080072E9AB /* 15_Christmas_32x32.png */; };
		C165CA752C2939080072E9AB /* 16_Grocery_store_32x32.png in Resources */ = {isa = PBXBuildFile; fileRef = C165CA472C2939080072E9AB /* 16_Grocery_store_32x32.png */; };
		C165CA762C2939080072E9AB /* 17_Visibile_Upstairs_System_32x32.png in Resources */ = {isa = PBXBuildFile; fileRef = C165CA482C2939080072E9AB /* 17_Visibile_Upstairs_System_32x32.png */; };
		C165CA772C2939080072E9AB /* 18_Jail_32x32.png in Resources */ = {isa = PBXBuildFile; fileRef = C165CA492C2939080072E9AB /* 18_Jail_32x32.png */; };
		C165CA782C2939080072E9AB /* 19_Hospital_32x32.png in Resources */ = {isa = PBXBuildFile; fileRef = C165CA4A2C2939080072E9AB /* 19_Hospital_32x32.png */; };
		C165CA792C2939080072E9AB /* 20_Japanese_interiors_32x32.png in Resources */ = {isa = PBXBuildFile; fileRef = C165CA4C2C2939080072E9AB /* 20_Japanese_interiors_32x32.png */; };
		C165CA7A2C2939080072E9AB /* 21_Clothing_Store_32x32.png in Resources */ = {isa = PBXBuildFile; fileRef = C165CA4E2C2939080072E9AB /* 21_Clothing_Store_32x32.png */; };
		C165CA7B2C2939080072E9AB /* 22_Museum_32x32.png in Resources */ = {isa = PBXBuildFile; fileRef = C165CA4F2C2939080072E9AB /* 22_Museum_32x32.png */; };
		C165CA7C2C2939080072E9AB /* 23_Television_and_Film_Studio_32x32.png in Resources */ = {isa = PBXBuildFile; fileRef = C165CA512C2939080072E9AB /* 23_Television_and_Film_Studio_32x32.png */; };
		C165CA7D2C2939080072E9AB /* 24_Ice_Cream_Shop_32x32.png in Resources */ = {isa = PBXBuildFile; fileRef = C165CA522C2939080072E9AB /* 24_Ice_Cream_Shop_32x32.png */; };
		C165CA7E2C2939080072E9AB /* 25_Shooting_Range_32x32.png in Resources */ = {isa = PBXBuildFile; fileRef = C165CA532C2939080072E9AB /* 25_Shooting_Range_32x32.png */; };
		C165CA7F2C2939080072E9AB /* 26_Condominium_32x32.png in Resources */ = {isa = PBXBuildFile; fileRef = C165CA542C2939080072E9AB /* 26_Condominium_32x32.png */; };
		C165CA802C2939080072E9AB /* 1000.tmx in Resources */ = {isa = PBXBuildFile; fileRef = C165CA562C2939080072E9AB /* 1000.tmx */; };
		C165CA812C2939080072E9AB /* Interiors_32x32.png in Resources */ = {isa = PBXBuildFile; fileRef = C165CA572C2939080072E9AB /* Interiors_32x32.png */; };
		C165CA822C2939080072E9AB /* map 25_3D Wall.png in Resources */ = {isa = PBXBuildFile; fileRef = C165CA592C2939080072E9AB /* map 25_3D Wall.png */; };
		C165CA832C2939080072E9AB /* map 25_ground.png in Resources */ = {isa = PBXBuildFile; fileRef = C165CA5A2C2939080072E9AB /* map 25_ground.png */; };
		C165CA842C2939080072E9AB /* map 25_Wall.png in Resources */ = {isa = PBXBuildFile; fileRef = C165CA5B2C2939080072E9AB /* map 25_Wall.png */; };
		C165CA852C2939080072E9AB /* map 25.png in Resources */ = {isa = PBXBuildFile; fileRef = C165CA5C2C2939080072E9AB /* map 25.png */; };
		C165CA862C2939080072E9AB /* map_25.tmx in Resources */ = {isa = PBXBuildFile; fileRef = C165CA5D2C2939080072E9AB /* map_25.tmx */; };
		C165CA872C2939080072E9AB /* map.png in Resources */ = {isa = PBXBuildFile; fileRef = C165CA5E2C2939080072E9AB /* map.png */; };
		C165CA882C2939080072E9AB /* map.tmx in Resources */ = {isa = PBXBuildFile; fileRef = C165CA5F2C2939080072E9AB /* map.tmx */; };
		C165CA892C2939080072E9AB /* Room_Builder_32x32.png in Resources */ = {isa = PBXBuildFile; fileRef = C165CA602C2939080072E9AB /* Room_Builder_32x32.png */; };
		C165CA8A2C2939080072E9AB /* test.tiled-project in Resources */ = {isa = PBXBuildFile; fileRef = C165CA622C2939080072E9AB /* test.tiled-project */; };
		C165CA8B2C2939080072E9AB /* test.tiled-session in Resources */ = {isa = PBXBuildFile; fileRef = C165CA632C2939080072E9AB /* test.tiled-session */; };
		C165CA8C2C2939080072E9AB /* Zombie Apocalypse Tileset Reference.png in Resources */ = {isa = PBXBuildFile; fileRef = C165CA642C2939080072E9AB /* Zombie Apocalypse Tileset Reference.png */; };
		C165CA8D2C2939880072E9AB /* 1_Generic_32x32.tsx in Resources */ = {isa = PBXBuildFile; fileRef = C165CA332C2939080072E9AB /* 1_Generic_32x32.tsx */; };
		C165CA8E2C2939880072E9AB /* 2_LivingRoom_32x32.tsx in Resources */ = {isa = PBXBuildFile; fileRef = C165CA352C2939080072E9AB /* 2_LivingRoom_32x32.tsx */; };
		C165CA8F2C2939880072E9AB /* 3_Bathroom_32x32.tsx in Resources */ = {isa = PBXBuildFile; fileRef = C165CA372C2939080072E9AB /* 3_Bathroom_32x32.tsx */; };
		C165CA902C2939880072E9AB /* 4_Bedroom_32x32.tsx in Resources */ = {isa = PBXBuildFile; fileRef = C165CA392C2939080072E9AB /* 4_Bedroom_32x32.tsx */; };
		C165CA912C2939880072E9AB /* 5_Classroom_and_library_32x32.tsx in Resources */ = {isa = PBXBuildFile; fileRef = C165CA3B2C2939080072E9AB /* 5_Classroom_and_library_32x32.tsx */; };
		C165CA922C2939880072E9AB /* 14_Basement_32x32.tsx in Resources */ = {isa = PBXBuildFile; fileRef = C165CA452C2939080072E9AB /* 14_Basement_32x32.tsx */; };
		C165CA932C2939880072E9AB /* 19_Hospital_32x32.tsx in Resources */ = {isa = PBXBuildFile; fileRef = C165CA4B2C2939080072E9AB /* 19_Hospital_32x32.tsx */; };
		C165CA942C2939880072E9AB /* 20_Japanese_interiors_32x32.tsx in Resources */ = {isa = PBXBuildFile; fileRef = C165CA4D2C2939080072E9AB /* 20_Japanese_interiors_32x32.tsx */; };
		C165CA952C2939880072E9AB /* 22_Museum_32x32.tsx in Resources */ = {isa = PBXBuildFile; fileRef = C165CA502C2939080072E9AB /* 22_Museum_32x32.tsx */; };
		C165CA962C2939880072E9AB /* 26_Condominium_32x32.tsx in Resources */ = {isa = PBXBuildFile; fileRef = C165CA552C2939080072E9AB /* 26_Condominium_32x32.tsx */; };
		C165CA972C2939880072E9AB /* Interiors_32x32.tsx in Resources */ = {isa = PBXBuildFile; fileRef = C165CA582C2939080072E9AB /* Interiors_32x32.tsx */; };
		C165CA982C2939880072E9AB /* Room_Builder_32x32.tsx in Resources */ = {isa = PBXBuildFile; fileRef = C165CA612C2939080072E9AB /* Room_Builder_32x32.tsx */; };
		E42E8E752C11729300FF73F4 /* Constants.swift in Sources */ = {isa = PBXBuildFile; fileRef = E42E8E742C11729300FF73F4 /* Constants.swift */; };
		E42E8E772C118B1900FF73F4 /* HeroSprite.swift in Sources */ = {isa = PBXBuildFile; fileRef = E42E8E762C118B1900FF73F4 /* HeroSprite.swift */; };
		E42E8E792C11955900FF73F4 /* ExplorationMap.swift in Sources */ = {isa = PBXBuildFile; fileRef = E42E8E782C11955900FF73F4 /* ExplorationMap.swift */; };
		E42E8E872C13F5BF00FF73F4 /* AnalogJoystick.swift in Sources */ = {isa = PBXBuildFile; fileRef = E42E8E862C13F5BF00FF73F4 /* AnalogJoystick.swift */; };
		E42E8E892C1417E400FF73F4 /* RunningButton.swift in Sources */ = {isa = PBXBuildFile; fileRef = E42E8E882C1417E400FF73F4 /* RunningButton.swift */; };
		E48D483C2C15259200B97DEB /* UndeadSprite.swift in Sources */ = {isa = PBXBuildFile; fileRef = E48D483B2C15259200B97DEB /* UndeadSprite.swift */; };
		E49C38D82C17F95500868DDA /* ChestSprite.swift in Sources */ = {isa = PBXBuildFile; fileRef = E49C38D72C17F95500868DDA /* ChestSprite.swift */; };
		E49C38DA2C18024A00868DDA /* InteractButton.swift in Sources */ = {isa = PBXBuildFile; fileRef = E49C38D92C18024A00868DDA /* InteractButton.swift */; };
		E4CB75142C194B880059FED9 /* LockerSprite.swift in Sources */ = {isa = PBXBuildFile; fileRef = E4CB75132C194B880059FED9 /* LockerSprite.swift */; };
		E4E14A322C1834ED00A8E101 /* HidingButton.swift in Sources */ = {isa = PBXBuildFile; fileRef = E4E14A312C1834ED00A8E101 /* HidingButton.swift */; };
/* End PBXBuildFile section */

/* Begin PBXContainerItemProxy section */
		8B4DB2132C0DB77F0055AB7A /* PBXContainerItemProxy */ = {
			isa = PBXContainerItemProxy;
			containerPortal = 8B4DB1F12C0DB77D0055AB7A /* Project object */;
			proxyType = 1;
			remoteGlobalIDString = 8B4DB1F82C0DB77D0055AB7A;
			remoteInfo = ForStayingAlive;
		};
		8B4DB21D2C0DB77F0055AB7A /* PBXContainerItemProxy */ = {
			isa = PBXContainerItemProxy;
			containerPortal = 8B4DB1F12C0DB77D0055AB7A /* Project object */;
			proxyType = 1;
			remoteGlobalIDString = 8B4DB1F82C0DB77D0055AB7A;
			remoteInfo = ForStayingAlive;
		};
/* End PBXContainerItemProxy section */

/* Begin PBXFileReference section */
		8B4DB1F92C0DB77D0055AB7A /* ForStayingAlive.app */ = {isa = PBXFileReference; explicitFileType = wrapper.application; includeInIndex = 0; path = ForStayingAlive.app; sourceTree = BUILT_PRODUCTS_DIR; };
		8B4DB1FC2C0DB77D0055AB7A /* AppDelegate.swift */ = {isa = PBXFileReference; lastKnownFileType = sourcecode.swift; path = AppDelegate.swift; sourceTree = "<group>"; };
		8B4DB2042C0DB77D0055AB7A /* GameViewController.swift */ = {isa = PBXFileReference; lastKnownFileType = sourcecode.swift; path = GameViewController.swift; sourceTree = "<group>"; };
		8B4DB2072C0DB77D0055AB7A /* Base */ = {isa = PBXFileReference; lastKnownFileType = file.storyboard; name = Base; path = Base.lproj/Main.storyboard; sourceTree = "<group>"; };
		8B4DB2092C0DB77E0055AB7A /* Assets.xcassets */ = {isa = PBXFileReference; lastKnownFileType = folder.assetcatalog; path = Assets.xcassets; sourceTree = "<group>"; };
		8B4DB20C2C0DB77E0055AB7A /* Base */ = {isa = PBXFileReference; lastKnownFileType = file.storyboard; name = Base; path = Base.lproj/LaunchScreen.storyboard; sourceTree = "<group>"; };
		8B4DB2122C0DB77F0055AB7A /* ForStayingAliveTests.xctest */ = {isa = PBXFileReference; explicitFileType = wrapper.cfbundle; includeInIndex = 0; path = ForStayingAliveTests.xctest; sourceTree = BUILT_PRODUCTS_DIR; };
		8B4DB2162C0DB77F0055AB7A /* ForStayingAliveTests.swift */ = {isa = PBXFileReference; lastKnownFileType = sourcecode.swift; path = ForStayingAliveTests.swift; sourceTree = "<group>"; };
		8B4DB21C2C0DB77F0055AB7A /* ForStayingAliveUITests.xctest */ = {isa = PBXFileReference; explicitFileType = wrapper.cfbundle; includeInIndex = 0; path = ForStayingAliveUITests.xctest; sourceTree = BUILT_PRODUCTS_DIR; };
		8B4DB2202C0DB77F0055AB7A /* ForStayingAliveUITests.swift */ = {isa = PBXFileReference; lastKnownFileType = sourcecode.swift; path = ForStayingAliveUITests.swift; sourceTree = "<group>"; };
		8B4DB2222C0DB77F0055AB7A /* ForStayingAliveUITestsLaunchTests.swift */ = {isa = PBXFileReference; lastKnownFileType = sourcecode.swift; path = ForStayingAliveUITestsLaunchTests.swift; sourceTree = "<group>"; };
		8B66D0A52C17FF6200BB6573 /* LockerSprite.swift */ = {isa = PBXFileReference; lastKnownFileType = sourcecode.swift; path = LockerSprite.swift; sourceTree = "<group>"; };
		8B66D0A82C1803F100BB6573 /* ProgressBarNode.swift */ = {isa = PBXFileReference; lastKnownFileType = sourcecode.swift; path = ProgressBarNode.swift; sourceTree = "<group>"; };
		8B66D0AA2C18303D00BB6573 /* HideButtonSprite.swift */ = {isa = PBXFileReference; lastKnownFileType = sourcecode.swift; path = HideButtonSprite.swift; sourceTree = "<group>"; };
		C165CA322C2939080072E9AB /* 1_Generic_32x32.png */ = {isa = PBXFileReference; lastKnownFileType = image.png; path = 1_Generic_32x32.png; sourceTree = "<group>"; };
		C165CA332C2939080072E9AB /* 1_Generic_32x32.tsx */ = {isa = PBXFileReference; fileEncoding = 4; lastKnownFileType = sourcecode.typescript; path = 1_Generic_32x32.tsx; sourceTree = "<group>"; };
		C165CA342C2939080072E9AB /* 2_LivingRoom_32x32.png */ = {isa = PBXFileReference; lastKnownFileType = image.png; path = 2_LivingRoom_32x32.png; sourceTree = "<group>"; };
		C165CA352C2939080072E9AB /* 2_LivingRoom_32x32.tsx */ = {isa = PBXFileReference; fileEncoding = 4; lastKnownFileType = sourcecode.typescript; path = 2_LivingRoom_32x32.tsx; sourceTree = "<group>"; };
		C165CA362C2939080072E9AB /* 3_Bathroom_32x32.png */ = {isa = PBXFileReference; lastKnownFileType = image.png; path = 3_Bathroom_32x32.png; sourceTree = "<group>"; };
		C165CA372C2939080072E9AB /* 3_Bathroom_32x32.tsx */ = {isa = PBXFileReference; fileEncoding = 4; lastKnownFileType = sourcecode.typescript; path = 3_Bathroom_32x32.tsx; sourceTree = "<group>"; };
		C165CA382C2939080072E9AB /* 4_Bedroom_32x32.png */ = {isa = PBXFileReference; lastKnownFileType = image.png; path = 4_Bedroom_32x32.png; sourceTree = "<group>"; };
		C165CA392C2939080072E9AB /* 4_Bedroom_32x32.tsx */ = {isa = PBXFileReference; fileEncoding = 4; lastKnownFileType = sourcecode.typescript; path = 4_Bedroom_32x32.tsx; sourceTree = "<group>"; };
		C165CA3A2C2939080072E9AB /* 5_Classroom_and_library_32x32.png */ = {isa = PBXFileReference; lastKnownFileType = image.png; path = 5_Classroom_and_library_32x32.png; sourceTree = "<group>"; };
		C165CA3B2C2939080072E9AB /* 5_Classroom_and_library_32x32.tsx */ = {isa = PBXFileReference; fileEncoding = 4; lastKnownFileType = sourcecode.typescript; path = 5_Classroom_and_library_32x32.tsx; sourceTree = "<group>"; };
		C165CA3C2C2939080072E9AB /* 6_Music_and_sport_32x32.png */ = {isa = PBXFileReference; lastKnownFileType = image.png; path = 6_Music_and_sport_32x32.png; sourceTree = "<group>"; };
		C165CA3D2C2939080072E9AB /* 7_Art_32x32.png */ = {isa = PBXFileReference; lastKnownFileType = image.png; path = 7_Art_32x32.png; sourceTree = "<group>"; };
		C165CA3E2C2939080072E9AB /* 8_Gym_32x32.png */ = {isa = PBXFileReference; lastKnownFileType = image.png; path = 8_Gym_32x32.png; sourceTree = "<group>"; };
		C165CA3F2C2939080072E9AB /* 9_Fishing_32x32.png */ = {isa = PBXFileReference; lastKnownFileType = image.png; path = 9_Fishing_32x32.png; sourceTree = "<group>"; };
		C165CA402C2939080072E9AB /* 10_Birthday_party_32x32.png */ = {isa = PBXFileReference; lastKnownFileType = image.png; path = 10_Birthday_party_32x32.png; sourceTree = "<group>"; };
		C165CA412C2939080072E9AB /* 11_Halloween_32x32.png */ = {isa = PBXFileReference; lastKnownFileType = image.png; path = 11_Halloween_32x32.png; sourceTree = "<group>"; };
		C165CA422C2939080072E9AB /* 12_Kitchen_32x32.png */ = {isa = PBXFileReference; lastKnownFileType = image.png; path = 12_Kitchen_32x32.png; sourceTree = "<group>"; };
		C165CA432C2939080072E9AB /* 13_Conference_Hall_32x32.png */ = {isa = PBXFileReference; lastKnownFileType = image.png; path = 13_Conference_Hall_32x32.png; sourceTree = "<group>"; };
		C165CA442C2939080072E9AB /* 14_Basement_32x32.png */ = {isa = PBXFileReference; lastKnownFileType = image.png; path = 14_Basement_32x32.png; sourceTree = "<group>"; };
		C165CA452C2939080072E9AB /* 14_Basement_32x32.tsx */ = {isa = PBXFileReference; fileEncoding = 4; lastKnownFileType = sourcecode.typescript; path = 14_Basement_32x32.tsx; sourceTree = "<group>"; };
		C165CA462C2939080072E9AB /* 15_Christmas_32x32.png */ = {isa = PBXFileReference; lastKnownFileType = image.png; path = 15_Christmas_32x32.png; sourceTree = "<group>"; };
		C165CA472C2939080072E9AB /* 16_Grocery_store_32x32.png */ = {isa = PBXFileReference; lastKnownFileType = image.png; path = 16_Grocery_store_32x32.png; sourceTree = "<group>"; };
		C165CA482C2939080072E9AB /* 17_Visibile_Upstairs_System_32x32.png */ = {isa = PBXFileReference; lastKnownFileType = image.png; path = 17_Visibile_Upstairs_System_32x32.png; sourceTree = "<group>"; };
		C165CA492C2939080072E9AB /* 18_Jail_32x32.png */ = {isa = PBXFileReference; lastKnownFileType = image.png; path = 18_Jail_32x32.png; sourceTree = "<group>"; };
		C165CA4A2C2939080072E9AB /* 19_Hospital_32x32.png */ = {isa = PBXFileReference; lastKnownFileType = image.png; path = 19_Hospital_32x32.png; sourceTree = "<group>"; };
		C165CA4B2C2939080072E9AB /* 19_Hospital_32x32.tsx */ = {isa = PBXFileReference; fileEncoding = 4; lastKnownFileType = sourcecode.typescript; path = 19_Hospital_32x32.tsx; sourceTree = "<group>"; };
		C165CA4C2C2939080072E9AB /* 20_Japanese_interiors_32x32.png */ = {isa = PBXFileReference; lastKnownFileType = image.png; path = 20_Japanese_interiors_32x32.png; sourceTree = "<group>"; };
		C165CA4D2C2939080072E9AB /* 20_Japanese_interiors_32x32.tsx */ = {isa = PBXFileReference; fileEncoding = 4; lastKnownFileType = sourcecode.typescript; path = 20_Japanese_interiors_32x32.tsx; sourceTree = "<group>"; };
		C165CA4E2C2939080072E9AB /* 21_Clothing_Store_32x32.png */ = {isa = PBXFileReference; lastKnownFileType = image.png; path = 21_Clothing_Store_32x32.png; sourceTree = "<group>"; };
		C165CA4F2C2939080072E9AB /* 22_Museum_32x32.png */ = {isa = PBXFileReference; lastKnownFileType = image.png; path = 22_Museum_32x32.png; sourceTree = "<group>"; };
		C165CA502C2939080072E9AB /* 22_Museum_32x32.tsx */ = {isa = PBXFileReference; fileEncoding = 4; lastKnownFileType = sourcecode.typescript; path = 22_Museum_32x32.tsx; sourceTree = "<group>"; };
		C165CA512C2939080072E9AB /* 23_Television_and_Film_Studio_32x32.png */ = {isa = PBXFileReference; lastKnownFileType = image.png; path = 23_Television_and_Film_Studio_32x32.png; sourceTree = "<group>"; };
		C165CA522C2939080072E9AB /* 24_Ice_Cream_Shop_32x32.png */ = {isa = PBXFileReference; lastKnownFileType = image.png; path = 24_Ice_Cream_Shop_32x32.png; sourceTree = "<group>"; };
		C165CA532C2939080072E9AB /* 25_Shooting_Range_32x32.png */ = {isa = PBXFileReference; lastKnownFileType = image.png; path = 25_Shooting_Range_32x32.png; sourceTree = "<group>"; };
		C165CA542C2939080072E9AB /* 26_Condominium_32x32.png */ = {isa = PBXFileReference; lastKnownFileType = image.png; path = 26_Condominium_32x32.png; sourceTree = "<group>"; };
		C165CA552C2939080072E9AB /* 26_Condominium_32x32.tsx */ = {isa = PBXFileReference; fileEncoding = 4; lastKnownFileType = sourcecode.typescript; path = 26_Condominium_32x32.tsx; sourceTree = "<group>"; };
		C165CA562C2939080072E9AB /* 1000.tmx */ = {isa = PBXFileReference; fileEncoding = 4; lastKnownFileType = text.xml; path = 1000.tmx; sourceTree = "<group>"; };
		C165CA572C2939080072E9AB /* Interiors_32x32.png */ = {isa = PBXFileReference; lastKnownFileType = image.png; path = Interiors_32x32.png; sourceTree = "<group>"; };
		C165CA582C2939080072E9AB /* Interiors_32x32.tsx */ = {isa = PBXFileReference; fileEncoding = 4; lastKnownFileType = sourcecode.typescript; path = Interiors_32x32.tsx; sourceTree = "<group>"; };
		C165CA592C2939080072E9AB /* map 25_3D Wall.png */ = {isa = PBXFileReference; lastKnownFileType = image.png; path = "map 25_3D Wall.png"; sourceTree = "<group>"; };
		C165CA5A2C2939080072E9AB /* map 25_ground.png */ = {isa = PBXFileReference; lastKnownFileType = image.png; path = "map 25_ground.png"; sourceTree = "<group>"; };
		C165CA5B2C2939080072E9AB /* map 25_Wall.png */ = {isa = PBXFileReference; lastKnownFileType = image.png; path = "map 25_Wall.png"; sourceTree = "<group>"; };
		C165CA5C2C2939080072E9AB /* map 25.png */ = {isa = PBXFileReference; lastKnownFileType = image.png; path = "map 25.png"; sourceTree = "<group>"; };
		C165CA5D2C2939080072E9AB /* map_25.tmx */ = {isa = PBXFileReference; fileEncoding = 4; lastKnownFileType = text.xml; path = map_25.tmx; sourceTree = "<group>"; };
		C165CA5E2C2939080072E9AB /* map.png */ = {isa = PBXFileReference; lastKnownFileType = image.png; path = map.png; sourceTree = "<group>"; };
		C165CA5F2C2939080072E9AB /* map.tmx */ = {isa = PBXFileReference; fileEncoding = 4; lastKnownFileType = text.xml; path = map.tmx; sourceTree = "<group>"; };
		C165CA602C2939080072E9AB /* Room_Builder_32x32.png */ = {isa = PBXFileReference; lastKnownFileType = image.png; path = Room_Builder_32x32.png; sourceTree = "<group>"; };
		C165CA612C2939080072E9AB /* Room_Builder_32x32.tsx */ = {isa = PBXFileReference; fileEncoding = 4; lastKnownFileType = sourcecode.typescript; path = Room_Builder_32x32.tsx; sourceTree = "<group>"; };
		C165CA622C2939080072E9AB /* test.tiled-project */ = {isa = PBXFileReference; fileEncoding = 4; lastKnownFileType = text; path = "test.tiled-project"; sourceTree = "<group>"; };
		C165CA632C2939080072E9AB /* test.tiled-session */ = {isa = PBXFileReference; fileEncoding = 4; lastKnownFileType = text; path = "test.tiled-session"; sourceTree = "<group>"; };
		C165CA642C2939080072E9AB /* Zombie Apocalypse Tileset Reference.png */ = {isa = PBXFileReference; lastKnownFileType = image.png; path = "Zombie Apocalypse Tileset Reference.png"; sourceTree = "<group>"; };
		E42E8E742C11729300FF73F4 /* Constants.swift */ = {isa = PBXFileReference; lastKnownFileType = sourcecode.swift; path = Constants.swift; sourceTree = "<group>"; };
		E42E8E762C118B1900FF73F4 /* HeroSprite.swift */ = {isa = PBXFileReference; lastKnownFileType = sourcecode.swift; path = HeroSprite.swift; sourceTree = "<group>"; };
		E42E8E782C11955900FF73F4 /* ExplorationMap.swift */ = {isa = PBXFileReference; lastKnownFileType = sourcecode.swift; path = ExplorationMap.swift; sourceTree = "<group>"; };
		E42E8E862C13F5BF00FF73F4 /* AnalogJoystick.swift */ = {isa = PBXFileReference; lastKnownFileType = sourcecode.swift; path = AnalogJoystick.swift; sourceTree = "<group>"; };
		E42E8E882C1417E400FF73F4 /* RunningButton.swift */ = {isa = PBXFileReference; lastKnownFileType = sourcecode.swift; path = RunningButton.swift; sourceTree = "<group>"; };
		E48D483B2C15259200B97DEB /* UndeadSprite.swift */ = {isa = PBXFileReference; lastKnownFileType = sourcecode.swift; path = UndeadSprite.swift; sourceTree = "<group>"; };
		E49C38D72C17F95500868DDA /* ChestSprite.swift */ = {isa = PBXFileReference; lastKnownFileType = sourcecode.swift; path = ChestSprite.swift; sourceTree = "<group>"; };
		E49C38D92C18024A00868DDA /* InteractButton.swift */ = {isa = PBXFileReference; lastKnownFileType = sourcecode.swift; path = InteractButton.swift; sourceTree = "<group>"; };
		E4CB75132C194B880059FED9 /* LockerSprite.swift */ = {isa = PBXFileReference; lastKnownFileType = sourcecode.swift; path = LockerSprite.swift; sourceTree = "<group>"; };
		E4E14A312C1834ED00A8E101 /* HidingButton.swift */ = {isa = PBXFileReference; lastKnownFileType = sourcecode.swift; path = HidingButton.swift; sourceTree = "<group>"; };
/* End PBXFileReference section */

/* Begin PBXFrameworksBuildPhase section */
		8B4DB1F62C0DB77D0055AB7A /* Frameworks */ = {
			isa = PBXFrameworksBuildPhase;
			buildActionMask = 2147483647;
			files = (
			);
			runOnlyForDeploymentPostprocessing = 0;
		};
		8B4DB20F2C0DB77F0055AB7A /* Frameworks */ = {
			isa = PBXFrameworksBuildPhase;
			buildActionMask = 2147483647;
			files = (
			);
			runOnlyForDeploymentPostprocessing = 0;
		};
		8B4DB2192C0DB77F0055AB7A /* Frameworks */ = {
			isa = PBXFrameworksBuildPhase;
			buildActionMask = 2147483647;
			files = (
			);
			runOnlyForDeploymentPostprocessing = 0;
		};
/* End PBXFrameworksBuildPhase section */

/* Begin PBXGroup section */
		8B4DB1F02C0DB77D0055AB7A = {
			isa = PBXGroup;
			children = (
				8B4DB1FB2C0DB77D0055AB7A /* ForStayingAlive */,
				8B4DB2152C0DB77F0055AB7A /* ForStayingAliveTests */,
				8B4DB21F2C0DB77F0055AB7A /* ForStayingAliveUITests */,
				8B4DB1FA2C0DB77D0055AB7A /* Products */,
			);
			sourceTree = "<group>";
		};
		8B4DB1FA2C0DB77D0055AB7A /* Products */ = {
			isa = PBXGroup;
			children = (
				8B4DB1F92C0DB77D0055AB7A /* ForStayingAlive.app */,
				8B4DB2122C0DB77F0055AB7A /* ForStayingAliveTests.xctest */,
				8B4DB21C2C0DB77F0055AB7A /* ForStayingAliveUITests.xctest */,
			);
			name = Products;
			sourceTree = "<group>";
		};
		8B4DB1FB2C0DB77D0055AB7A /* ForStayingAlive */ = {
			isa = PBXGroup;
			children = (
				C165CA652C2939080072E9AB /* Tilemap */,
				E42E8E6E2C11711E00FF73F4 /* Mains */,
				E42E8E6B2C1170EE00FF73F4 /* Delegates */,
				E42E8E732C11728000FF73F4 /* Supports */,
				E42E8E6D2C11710B00FF73F4 /* View Controllers */,
				E42E8E6C2C1170F800FF73F4 /* Scenes */,
				8B66D0A72C1803DB00BB6573 /* Nodes */,
				8B690C2B2C115F760062B64A /* Sprites */,
				8B4DB2092C0DB77E0055AB7A /* Assets.xcassets */,
			);
			path = ForStayingAlive;
			sourceTree = "<group>";
		};
		8B4DB2152C0DB77F0055AB7A /* ForStayingAliveTests */ = {
			isa = PBXGroup;
			children = (
				8B4DB2162C0DB77F0055AB7A /* ForStayingAliveTests.swift */,
			);
			path = ForStayingAliveTests;
			sourceTree = "<group>";
		};
		8B4DB21F2C0DB77F0055AB7A /* ForStayingAliveUITests */ = {
			isa = PBXGroup;
			children = (
				8B4DB2202C0DB77F0055AB7A /* ForStayingAliveUITests.swift */,
				8B4DB2222C0DB77F0055AB7A /* ForStayingAliveUITestsLaunchTests.swift */,
			);
			path = ForStayingAliveUITests;
			sourceTree = "<group>";
		};
		8B66D0A72C1803DB00BB6573 /* Nodes */ = {
			isa = PBXGroup;
			children = (
				8B66D0A82C1803F100BB6573 /* ProgressBarNode.swift */,
			);
			path = Nodes;
			sourceTree = "<group>";
		};
		8B690C2B2C115F760062B64A /* Sprites */ = {
			isa = PBXGroup;
			children = (
				E42E8E762C118B1900FF73F4 /* HeroSprite.swift */,
				8B66D0A52C17FF6200BB6573 /* LockerSprite.swift */,
				8B66D0AA2C18303D00BB6573 /* HideButtonSprite.swift */,
				E48D483B2C15259200B97DEB /* UndeadSprite.swift */,
				E49C38D72C17F95500868DDA /* ChestSprite.swift */,
				E4CB75132C194B880059FED9 /* LockerSprite.swift */,
				E42E8E882C1417E400FF73F4 /* RunningButton.swift */,
				E49C38D92C18024A00868DDA /* InteractButton.swift */,
				E4E14A312C1834ED00A8E101 /* HidingButton.swift */,
			);
			path = Sprites;
			sourceTree = "<group>";
		};
		C165CA652C2939080072E9AB /* Tilemap */ = {
			isa = PBXGroup;
			children = (
				C165CA322C2939080072E9AB /* 1_Generic_32x32.png */,
				C165CA332C2939080072E9AB /* 1_Generic_32x32.tsx */,
				C165CA342C2939080072E9AB /* 2_LivingRoom_32x32.png */,
				C165CA352C2939080072E9AB /* 2_LivingRoom_32x32.tsx */,
				C165CA362C2939080072E9AB /* 3_Bathroom_32x32.png */,
				C165CA372C2939080072E9AB /* 3_Bathroom_32x32.tsx */,
				C165CA382C2939080072E9AB /* 4_Bedroom_32x32.png */,
				C165CA392C2939080072E9AB /* 4_Bedroom_32x32.tsx */,
				C165CA3A2C2939080072E9AB /* 5_Classroom_and_library_32x32.png */,
				C165CA3B2C2939080072E9AB /* 5_Classroom_and_library_32x32.tsx */,
				C165CA3C2C2939080072E9AB /* 6_Music_and_sport_32x32.png */,
				C165CA3D2C2939080072E9AB /* 7_Art_32x32.png */,
				C165CA3E2C2939080072E9AB /* 8_Gym_32x32.png */,
				C165CA3F2C2939080072E9AB /* 9_Fishing_32x32.png */,
				C165CA402C2939080072E9AB /* 10_Birthday_party_32x32.png */,
				C165CA412C2939080072E9AB /* 11_Halloween_32x32.png */,
				C165CA422C2939080072E9AB /* 12_Kitchen_32x32.png */,
				C165CA432C2939080072E9AB /* 13_Conference_Hall_32x32.png */,
				C165CA442C2939080072E9AB /* 14_Basement_32x32.png */,
				C165CA452C2939080072E9AB /* 14_Basement_32x32.tsx */,
				C165CA462C2939080072E9AB /* 15_Christmas_32x32.png */,
				C165CA472C2939080072E9AB /* 16_Grocery_store_32x32.png */,
				C165CA482C2939080072E9AB /* 17_Visibile_Upstairs_System_32x32.png */,
				C165CA492C2939080072E9AB /* 18_Jail_32x32.png */,
				C165CA4A2C2939080072E9AB /* 19_Hospital_32x32.png */,
				C165CA4B2C2939080072E9AB /* 19_Hospital_32x32.tsx */,
				C165CA4C2C2939080072E9AB /* 20_Japanese_interiors_32x32.png */,
				C165CA4D2C2939080072E9AB /* 20_Japanese_interiors_32x32.tsx */,
				C165CA4E2C2939080072E9AB /* 21_Clothing_Store_32x32.png */,
				C165CA4F2C2939080072E9AB /* 22_Museum_32x32.png */,
				C165CA502C2939080072E9AB /* 22_Museum_32x32.tsx */,
				C165CA512C2939080072E9AB /* 23_Television_and_Film_Studio_32x32.png */,
				C165CA522C2939080072E9AB /* 24_Ice_Cream_Shop_32x32.png */,
				C165CA532C2939080072E9AB /* 25_Shooting_Range_32x32.png */,
				C165CA542C2939080072E9AB /* 26_Condominium_32x32.png */,
				C165CA552C2939080072E9AB /* 26_Condominium_32x32.tsx */,
				C165CA562C2939080072E9AB /* 1000.tmx */,
				C165CA572C2939080072E9AB /* Interiors_32x32.png */,
				C165CA582C2939080072E9AB /* Interiors_32x32.tsx */,
				C165CA592C2939080072E9AB /* map 25_3D Wall.png */,
				C165CA5A2C2939080072E9AB /* map 25_ground.png */,
				C165CA5B2C2939080072E9AB /* map 25_Wall.png */,
				C165CA5C2C2939080072E9AB /* map 25.png */,
				C165CA5D2C2939080072E9AB /* map_25.tmx */,
				C165CA5E2C2939080072E9AB /* map.png */,
				C165CA5F2C2939080072E9AB /* map.tmx */,
				C165CA602C2939080072E9AB /* Room_Builder_32x32.png */,
				C165CA612C2939080072E9AB /* Room_Builder_32x32.tsx */,
				C165CA622C2939080072E9AB /* test.tiled-project */,
				C165CA632C2939080072E9AB /* test.tiled-session */,
				C165CA642C2939080072E9AB /* Zombie Apocalypse Tileset Reference.png */,
			);
			path = Tilemap;
			sourceTree = "<group>";
		};
		E42E8E6B2C1170EE00FF73F4 /* Delegates */ = {
			isa = PBXGroup;
			children = (
				8B4DB1FC2C0DB77D0055AB7A /* AppDelegate.swift */,
			);
			path = Delegates;
			sourceTree = "<group>";
		};
		E42E8E6C2C1170F800FF73F4 /* Scenes */ = {
			isa = PBXGroup;
			children = (
				E42E8E782C11955900FF73F4 /* ExplorationMap.swift */,
			);
			path = Scenes;
			sourceTree = "<group>";
		};
		E42E8E6D2C11710B00FF73F4 /* View Controllers */ = {
			isa = PBXGroup;
			children = (
				8B4DB2042C0DB77D0055AB7A /* GameViewController.swift */,
			);
			path = "View Controllers";
			sourceTree = "<group>";
		};
		E42E8E6E2C11711E00FF73F4 /* Mains */ = {
			isa = PBXGroup;
			children = (
				8B4DB2062C0DB77D0055AB7A /* Main.storyboard */,
				8B4DB20B2C0DB77E0055AB7A /* LaunchScreen.storyboard */,
			);
			path = Mains;
			sourceTree = "<group>";
		};
		E42E8E732C11728000FF73F4 /* Supports */ = {
			isa = PBXGroup;
			children = (
				E42E8E862C13F5BF00FF73F4 /* AnalogJoystick.swift */,
				E42E8E742C11729300FF73F4 /* Constants.swift */,
			);
			path = Supports;
			sourceTree = "<group>";
		};
/* End PBXGroup section */

/* Begin PBXNativeTarget section */
		8B4DB1F82C0DB77D0055AB7A /* ForStayingAlive */ = {
			isa = PBXNativeTarget;
			buildConfigurationList = 8B4DB2262C0DB77F0055AB7A /* Build configuration list for PBXNativeTarget "ForStayingAlive" */;
			buildPhases = (
				8B4DB1F52C0DB77D0055AB7A /* Sources */,
				8B4DB1F62C0DB77D0055AB7A /* Frameworks */,
				8B4DB1F72C0DB77D0055AB7A /* Resources */,
			);
			buildRules = (
			);
			dependencies = (
			);
			name = ForStayingAlive;
			productName = ForStayingAlive;
			productReference = 8B4DB1F92C0DB77D0055AB7A /* ForStayingAlive.app */;
			productType = "com.apple.product-type.application";
		};
		8B4DB2112C0DB77F0055AB7A /* ForStayingAliveTests */ = {
			isa = PBXNativeTarget;
			buildConfigurationList = 8B4DB2292C0DB77F0055AB7A /* Build configuration list for PBXNativeTarget "ForStayingAliveTests" */;
			buildPhases = (
				8B4DB20E2C0DB77F0055AB7A /* Sources */,
				8B4DB20F2C0DB77F0055AB7A /* Frameworks */,
				8B4DB2102C0DB77F0055AB7A /* Resources */,
			);
			buildRules = (
			);
			dependencies = (
				8B4DB2142C0DB77F0055AB7A /* PBXTargetDependency */,
			);
			name = ForStayingAliveTests;
			productName = ForStayingAliveTests;
			productReference = 8B4DB2122C0DB77F0055AB7A /* ForStayingAliveTests.xctest */;
			productType = "com.apple.product-type.bundle.unit-test";
		};
		8B4DB21B2C0DB77F0055AB7A /* ForStayingAliveUITests */ = {
			isa = PBXNativeTarget;
			buildConfigurationList = 8B4DB22C2C0DB77F0055AB7A /* Build configuration list for PBXNativeTarget "ForStayingAliveUITests" */;
			buildPhases = (
				8B4DB2182C0DB77F0055AB7A /* Sources */,
				8B4DB2192C0DB77F0055AB7A /* Frameworks */,
				8B4DB21A2C0DB77F0055AB7A /* Resources */,
			);
			buildRules = (
			);
			dependencies = (
				8B4DB21E2C0DB77F0055AB7A /* PBXTargetDependency */,
			);
			name = ForStayingAliveUITests;
			productName = ForStayingAliveUITests;
			productReference = 8B4DB21C2C0DB77F0055AB7A /* ForStayingAliveUITests.xctest */;
			productType = "com.apple.product-type.bundle.ui-testing";
		};
/* End PBXNativeTarget section */

/* Begin PBXProject section */
		8B4DB1F12C0DB77D0055AB7A /* Project object */ = {
			isa = PBXProject;
			attributes = {
				BuildIndependentTargetsInParallel = 1;
				LastSwiftUpdateCheck = 1530;
				LastUpgradeCheck = 1530;
				TargetAttributes = {
					8B4DB1F82C0DB77D0055AB7A = {
						CreatedOnToolsVersion = 15.3;
					};
					8B4DB2112C0DB77F0055AB7A = {
						CreatedOnToolsVersion = 15.3;
						TestTargetID = 8B4DB1F82C0DB77D0055AB7A;
					};
					8B4DB21B2C0DB77F0055AB7A = {
						CreatedOnToolsVersion = 15.3;
						TestTargetID = 8B4DB1F82C0DB77D0055AB7A;
					};
				};
			};
			buildConfigurationList = 8B4DB1F42C0DB77D0055AB7A /* Build configuration list for PBXProject "ForStayingAlive" */;
			compatibilityVersion = "Xcode 14.0";
			developmentRegion = en;
			hasScannedForEncodings = 0;
			knownRegions = (
				en,
				Base,
			);
			mainGroup = 8B4DB1F02C0DB77D0055AB7A;
			productRefGroup = 8B4DB1FA2C0DB77D0055AB7A /* Products */;
			projectDirPath = "";
			projectRoot = "";
			targets = (
				8B4DB1F82C0DB77D0055AB7A /* ForStayingAlive */,
				8B4DB2112C0DB77F0055AB7A /* ForStayingAliveTests */,
				8B4DB21B2C0DB77F0055AB7A /* ForStayingAliveUITests */,
			);
		};
/* End PBXProject section */

/* Begin PBXResourcesBuildPhase section */
		8B4DB1F72C0DB77D0055AB7A /* Resources */ = {
			isa = PBXResourcesBuildPhase;
			buildActionMask = 2147483647;
			files = (
				C165CA8D2C2939880072E9AB /* 1_Generic_32x32.tsx in Resources */,
				C165CA8E2C2939880072E9AB /* 2_LivingRoom_32x32.tsx in Resources */,
				C165CA8F2C2939880072E9AB /* 3_Bathroom_32x32.tsx in Resources */,
				C165CA902C2939880072E9AB /* 4_Bedroom_32x32.tsx in Resources */,
				C165CA912C2939880072E9AB /* 5_Classroom_and_library_32x32.tsx in Resources */,
				C165CA922C2939880072E9AB /* 14_Basement_32x32.tsx in Resources */,
				C165CA932C2939880072E9AB /* 19_Hospital_32x32.tsx in Resources */,
				C165CA942C2939880072E9AB /* 20_Japanese_interiors_32x32.tsx in Resources */,
				C165CA952C2939880072E9AB /* 22_Museum_32x32.tsx in Resources */,
				C165CA962C2939880072E9AB /* 26_Condominium_32x32.tsx in Resources */,
				C165CA972C2939880072E9AB /* Interiors_32x32.tsx in Resources */,
				C165CA982C2939880072E9AB /* Room_Builder_32x32.tsx in Resources */,
				C165CA7E2C2939080072E9AB /* 25_Shooting_Range_32x32.png in Resources */,
				C165CA812C2939080072E9AB /* Interiors_32x32.png in Resources */,
				C165CA682C2939080072E9AB /* 3_Bathroom_32x32.png in Resources */,
				C165CA762C2939080072E9AB /* 17_Visibile_Upstairs_System_32x32.png in Resources */,
				C165CA782C2939080072E9AB /* 19_Hospital_32x32.png in Resources */,
				C165CA792C2939080072E9AB /* 20_Japanese_interiors_32x32.png in Resources */,
				C165CA7F2C2939080072E9AB /* 26_Condominium_32x32.png in Resources */,
				C165CA742C2939080072E9AB /* 15_Christmas_32x32.png in Resources */,
				C165CA7A2C2939080072E9AB /* 21_Clothing_Store_32x32.png in Resources */,
				C165CA6B2C2939080072E9AB /* 6_Music_and_sport_32x32.png in Resources */,
				C165CA872C2939080072E9AB /* map.png in Resources */,
				C165CA8B2C2939080072E9AB /* test.tiled-session in Resources */,
				C165CA8C2C2939080072E9AB /* Zombie Apocalypse Tileset Reference.png in Resources */,
				C165CA6D2C2939080072E9AB /* 8_Gym_32x32.png in Resources */,
				C165CA662C2939080072E9AB /* 1_Generic_32x32.png in Resources */,
				C165CA712C2939080072E9AB /* 12_Kitchen_32x32.png in Resources */,
				8B4DB2082C0DB77D0055AB7A /* Base in Resources */,
				C165CA672C2939080072E9AB /* 2_LivingRoom_32x32.png in Resources */,
				C165CA802C2939080072E9AB /* 1000.tmx in Resources */,
				C165CA822C2939080072E9AB /* map 25_3D Wall.png in Resources */,
				C165CA862C2939080072E9AB /* map_25.tmx in Resources */,
				C165CA7B2C2939080072E9AB /* 22_Museum_32x32.png in Resources */,
				C165CA6F2C2939080072E9AB /* 10_Birthday_party_32x32.png in Resources */,
				C165CA892C2939080072E9AB /* Room_Builder_32x32.png in Resources */,
				C165CA772C2939080072E9AB /* 18_Jail_32x32.png in Resources */,
				8B4DB20A2C0DB77E0055AB7A /* Assets.xcassets in Resources */,
				C165CA7D2C2939080072E9AB /* 24_Ice_Cream_Shop_32x32.png in Resources */,
				C165CA832C2939080072E9AB /* map 25_ground.png in Resources */,
				C165CA6E2C2939080072E9AB /* 9_Fishing_32x32.png in Resources */,
				C165CA692C2939080072E9AB /* 4_Bedroom_32x32.png in Resources */,
				C165CA732C2939080072E9AB /* 14_Basement_32x32.png in Resources */,
				C165CA752C2939080072E9AB /* 16_Grocery_store_32x32.png in Resources */,
				C165CA722C2939080072E9AB /* 13_Conference_Hall_32x32.png in Resources */,
				C165CA6A2C2939080072E9AB /* 5_Classroom_and_library_32x32.png in Resources */,
				C165CA6C2C2939080072E9AB /* 7_Art_32x32.png in Resources */,
				C165CA7C2C2939080072E9AB /* 23_Television_and_Film_Studio_32x32.png in Resources */,
				C165CA852C2939080072E9AB /* map 25.png in Resources */,
				C165CA882C2939080072E9AB /* map.tmx in Resources */,
				C165CA702C2939080072E9AB /* 11_Halloween_32x32.png in Resources */,
				C165CA842C2939080072E9AB /* map 25_Wall.png in Resources */,
				C165CA8A2C2939080072E9AB /* test.tiled-project in Resources */,
				8B4DB20D2C0DB77E0055AB7A /* Base in Resources */,
			);
			runOnlyForDeploymentPostprocessing = 0;
		};
		8B4DB2102C0DB77F0055AB7A /* Resources */ = {
			isa = PBXResourcesBuildPhase;
			buildActionMask = 2147483647;
			files = (
			);
			runOnlyForDeploymentPostprocessing = 0;
		};
		8B4DB21A2C0DB77F0055AB7A /* Resources */ = {
			isa = PBXResourcesBuildPhase;
			buildActionMask = 2147483647;
			files = (
			);
			runOnlyForDeploymentPostprocessing = 0;
		};
/* End PBXResourcesBuildPhase section */

/* Begin PBXSourcesBuildPhase section */
		8B4DB1F52C0DB77D0055AB7A /* Sources */ = {
			isa = PBXSourcesBuildPhase;
			buildActionMask = 2147483647;
			files = (
				E42E8E752C11729300FF73F4 /* Constants.swift in Sources */,
				8B66D0AB2C18303D00BB6573 /* HideButtonSprite.swift in Sources */,
				E42E8E792C11955900FF73F4 /* ExplorationMap.swift in Sources */,
				E49C38D82C17F95500868DDA /* ChestSprite.swift in Sources */,
				8B4DB2052C0DB77D0055AB7A /* GameViewController.swift in Sources */,
				E4CB75142C194B880059FED9 /* LockerSprite.swift in Sources */,
				8B4DB1FD2C0DB77D0055AB7A /* AppDelegate.swift in Sources */,
				8B66D0A92C1803F100BB6573 /* ProgressBarNode.swift in Sources */,
				E49C38DA2C18024A00868DDA /* InteractButton.swift in Sources */,
				E42E8E772C118B1900FF73F4 /* HeroSprite.swift in Sources */,
				E4E14A322C1834ED00A8E101 /* HidingButton.swift in Sources */,
				E48D483C2C15259200B97DEB /* UndeadSprite.swift in Sources */,
				E42E8E872C13F5BF00FF73F4 /* AnalogJoystick.swift in Sources */,
				8B66D0A62C17FF6200BB6573 /* LockerSprite.swift in Sources */,
				E42E8E892C1417E400FF73F4 /* RunningButton.swift in Sources */,
			);
			runOnlyForDeploymentPostprocessing = 0;
		};
		8B4DB20E2C0DB77F0055AB7A /* Sources */ = {
			isa = PBXSourcesBuildPhase;
			buildActionMask = 2147483647;
			files = (
				8B4DB2172C0DB77F0055AB7A /* ForStayingAliveTests.swift in Sources */,
			);
			runOnlyForDeploymentPostprocessing = 0;
		};
		8B4DB2182C0DB77F0055AB7A /* Sources */ = {
			isa = PBXSourcesBuildPhase;
			buildActionMask = 2147483647;
			files = (
				8B4DB2232C0DB77F0055AB7A /* ForStayingAliveUITestsLaunchTests.swift in Sources */,
				8B4DB2212C0DB77F0055AB7A /* ForStayingAliveUITests.swift in Sources */,
			);
			runOnlyForDeploymentPostprocessing = 0;
		};
/* End PBXSourcesBuildPhase section */

/* Begin PBXTargetDependency section */
		8B4DB2142C0DB77F0055AB7A /* PBXTargetDependency */ = {
			isa = PBXTargetDependency;
			target = 8B4DB1F82C0DB77D0055AB7A /* ForStayingAlive */;
			targetProxy = 8B4DB2132C0DB77F0055AB7A /* PBXContainerItemProxy */;
		};
		8B4DB21E2C0DB77F0055AB7A /* PBXTargetDependency */ = {
			isa = PBXTargetDependency;
			target = 8B4DB1F82C0DB77D0055AB7A /* ForStayingAlive */;
			targetProxy = 8B4DB21D2C0DB77F0055AB7A /* PBXContainerItemProxy */;
		};
/* End PBXTargetDependency section */

/* Begin PBXVariantGroup section */
		8B4DB2062C0DB77D0055AB7A /* Main.storyboard */ = {
			isa = PBXVariantGroup;
			children = (
				8B4DB2072C0DB77D0055AB7A /* Base */,
			);
			name = Main.storyboard;
			sourceTree = "<group>";
		};
		8B4DB20B2C0DB77E0055AB7A /* LaunchScreen.storyboard */ = {
			isa = PBXVariantGroup;
			children = (
				8B4DB20C2C0DB77E0055AB7A /* Base */,
			);
			name = LaunchScreen.storyboard;
			sourceTree = "<group>";
		};
/* End PBXVariantGroup section */

/* Begin XCBuildConfiguration section */
		8B4DB2242C0DB77F0055AB7A /* Debug */ = {
			isa = XCBuildConfiguration;
			buildSettings = {
				ALWAYS_SEARCH_USER_PATHS = NO;
				ASSETCATALOG_COMPILER_GENERATE_SWIFT_ASSET_SYMBOL_EXTENSIONS = YES;
				CLANG_ANALYZER_NONNULL = YES;
				CLANG_ANALYZER_NUMBER_OBJECT_CONVERSION = YES_AGGRESSIVE;
				CLANG_CXX_LANGUAGE_STANDARD = "gnu++20";
				CLANG_ENABLE_MODULES = YES;
				CLANG_ENABLE_OBJC_ARC = YES;
				CLANG_ENABLE_OBJC_WEAK = YES;
				CLANG_WARN_BLOCK_CAPTURE_AUTORELEASING = YES;
				CLANG_WARN_BOOL_CONVERSION = YES;
				CLANG_WARN_COMMA = YES;
				CLANG_WARN_CONSTANT_CONVERSION = YES;
				CLANG_WARN_DEPRECATED_OBJC_IMPLEMENTATIONS = YES;
				CLANG_WARN_DIRECT_OBJC_ISA_USAGE = YES_ERROR;
				CLANG_WARN_DOCUMENTATION_COMMENTS = YES;
				CLANG_WARN_EMPTY_BODY = YES;
				CLANG_WARN_ENUM_CONVERSION = YES;
				CLANG_WARN_INFINITE_RECURSION = YES;
				CLANG_WARN_INT_CONVERSION = YES;
				CLANG_WARN_NON_LITERAL_NULL_CONVERSION = YES;
				CLANG_WARN_OBJC_IMPLICIT_RETAIN_SELF = YES;
				CLANG_WARN_OBJC_LITERAL_CONVERSION = YES;
				CLANG_WARN_OBJC_ROOT_CLASS = YES_ERROR;
				CLANG_WARN_QUOTED_INCLUDE_IN_FRAMEWORK_HEADER = YES;
				CLANG_WARN_RANGE_LOOP_ANALYSIS = YES;
				CLANG_WARN_STRICT_PROTOTYPES = YES;
				CLANG_WARN_SUSPICIOUS_MOVE = YES;
				CLANG_WARN_UNGUARDED_AVAILABILITY = YES_AGGRESSIVE;
				CLANG_WARN_UNREACHABLE_CODE = YES;
				CLANG_WARN__DUPLICATE_METHOD_MATCH = YES;
				COPY_PHASE_STRIP = NO;
				DEBUG_INFORMATION_FORMAT = dwarf;
				ENABLE_STRICT_OBJC_MSGSEND = YES;
				ENABLE_TESTABILITY = YES;
				ENABLE_USER_SCRIPT_SANDBOXING = YES;
				GCC_C_LANGUAGE_STANDARD = gnu17;
				GCC_DYNAMIC_NO_PIC = NO;
				GCC_NO_COMMON_BLOCKS = YES;
				GCC_OPTIMIZATION_LEVEL = 0;
				GCC_PREPROCESSOR_DEFINITIONS = (
					"DEBUG=1",
					"$(inherited)",
				);
				GCC_WARN_64_TO_32_BIT_CONVERSION = YES;
				GCC_WARN_ABOUT_RETURN_TYPE = YES_ERROR;
				GCC_WARN_UNDECLARED_SELECTOR = YES;
				GCC_WARN_UNINITIALIZED_AUTOS = YES_AGGRESSIVE;
				GCC_WARN_UNUSED_FUNCTION = YES;
				GCC_WARN_UNUSED_VARIABLE = YES;
				IPHONEOS_DEPLOYMENT_TARGET = 17.4;
				LOCALIZATION_PREFERS_STRING_CATALOGS = YES;
				MTL_ENABLE_DEBUG_INFO = INCLUDE_SOURCE;
				MTL_FAST_MATH = YES;
				ONLY_ACTIVE_ARCH = YES;
				SDKROOT = iphoneos;
				SWIFT_ACTIVE_COMPILATION_CONDITIONS = "DEBUG $(inherited)";
				SWIFT_OPTIMIZATION_LEVEL = "-Onone";
			};
			name = Debug;
		};
		8B4DB2252C0DB77F0055AB7A /* Release */ = {
			isa = XCBuildConfiguration;
			buildSettings = {
				ALWAYS_SEARCH_USER_PATHS = NO;
				ASSETCATALOG_COMPILER_GENERATE_SWIFT_ASSET_SYMBOL_EXTENSIONS = YES;
				CLANG_ANALYZER_NONNULL = YES;
				CLANG_ANALYZER_NUMBER_OBJECT_CONVERSION = YES_AGGRESSIVE;
				CLANG_CXX_LANGUAGE_STANDARD = "gnu++20";
				CLANG_ENABLE_MODULES = YES;
				CLANG_ENABLE_OBJC_ARC = YES;
				CLANG_ENABLE_OBJC_WEAK = YES;
				CLANG_WARN_BLOCK_CAPTURE_AUTORELEASING = YES;
				CLANG_WARN_BOOL_CONVERSION = YES;
				CLANG_WARN_COMMA = YES;
				CLANG_WARN_CONSTANT_CONVERSION = YES;
				CLANG_WARN_DEPRECATED_OBJC_IMPLEMENTATIONS = YES;
				CLANG_WARN_DIRECT_OBJC_ISA_USAGE = YES_ERROR;
				CLANG_WARN_DOCUMENTATION_COMMENTS = YES;
				CLANG_WARN_EMPTY_BODY = YES;
				CLANG_WARN_ENUM_CONVERSION = YES;
				CLANG_WARN_INFINITE_RECURSION = YES;
				CLANG_WARN_INT_CONVERSION = YES;
				CLANG_WARN_NON_LITERAL_NULL_CONVERSION = YES;
				CLANG_WARN_OBJC_IMPLICIT_RETAIN_SELF = YES;
				CLANG_WARN_OBJC_LITERAL_CONVERSION = YES;
				CLANG_WARN_OBJC_ROOT_CLASS = YES_ERROR;
				CLANG_WARN_QUOTED_INCLUDE_IN_FRAMEWORK_HEADER = YES;
				CLANG_WARN_RANGE_LOOP_ANALYSIS = YES;
				CLANG_WARN_STRICT_PROTOTYPES = YES;
				CLANG_WARN_SUSPICIOUS_MOVE = YES;
				CLANG_WARN_UNGUARDED_AVAILABILITY = YES_AGGRESSIVE;
				CLANG_WARN_UNREACHABLE_CODE = YES;
				CLANG_WARN__DUPLICATE_METHOD_MATCH = YES;
				COPY_PHASE_STRIP = NO;
				DEBUG_INFORMATION_FORMAT = "dwarf-with-dsym";
				ENABLE_NS_ASSERTIONS = NO;
				ENABLE_STRICT_OBJC_MSGSEND = YES;
				ENABLE_USER_SCRIPT_SANDBOXING = YES;
				GCC_C_LANGUAGE_STANDARD = gnu17;
				GCC_NO_COMMON_BLOCKS = YES;
				GCC_WARN_64_TO_32_BIT_CONVERSION = YES;
				GCC_WARN_ABOUT_RETURN_TYPE = YES_ERROR;
				GCC_WARN_UNDECLARED_SELECTOR = YES;
				GCC_WARN_UNINITIALIZED_AUTOS = YES_AGGRESSIVE;
				GCC_WARN_UNUSED_FUNCTION = YES;
				GCC_WARN_UNUSED_VARIABLE = YES;
				IPHONEOS_DEPLOYMENT_TARGET = 17.4;
				LOCALIZATION_PREFERS_STRING_CATALOGS = YES;
				MTL_ENABLE_DEBUG_INFO = NO;
				MTL_FAST_MATH = YES;
				SDKROOT = iphoneos;
				SWIFT_COMPILATION_MODE = wholemodule;
				VALIDATE_PRODUCT = YES;
			};
			name = Release;
		};
		8B4DB2272C0DB77F0055AB7A /* Debug */ = {
			isa = XCBuildConfiguration;
			buildSettings = {
				ASSETCATALOG_COMPILER_APPICON_NAME = AppIcon;
				ASSETCATALOG_COMPILER_GLOBAL_ACCENT_COLOR_NAME = AccentColor;
				CODE_SIGN_STYLE = Automatic;
				CURRENT_PROJECT_VERSION = 1;
				DEVELOPMENT_TEAM = VLB4X97QN4;
				GENERATE_INFOPLIST_FILE = YES;
				INFOPLIST_KEY_UIApplicationSupportsIndirectInputEvents = YES;
				INFOPLIST_KEY_UILaunchStoryboardName = LaunchScreen;
				INFOPLIST_KEY_UIMainStoryboardFile = Main;
				INFOPLIST_KEY_UIRequiresFullScreen = YES;
				INFOPLIST_KEY_UIStatusBarHidden = YES;
				INFOPLIST_KEY_UISupportedInterfaceOrientations = UIInterfaceOrientationLandscapeRight;
				LD_RUNPATH_SEARCH_PATHS = (
					"$(inherited)",
					"@executable_path/Frameworks",
				);
				MARKETING_VERSION = 1.0;
				PRODUCT_BUNDLE_IDENTIFIER = com.ranggasaputra.ForStayingAlive;
				PRODUCT_NAME = "$(TARGET_NAME)";
				SWIFT_EMIT_LOC_STRINGS = YES;
				SWIFT_VERSION = 5.0;
				TARGETED_DEVICE_FAMILY = "1,2";
			};
			name = Debug;
		};
		8B4DB2282C0DB77F0055AB7A /* Release */ = {
			isa = XCBuildConfiguration;
			buildSettings = {
				ASSETCATALOG_COMPILER_APPICON_NAME = AppIcon;
				ASSETCATALOG_COMPILER_GLOBAL_ACCENT_COLOR_NAME = AccentColor;
				CODE_SIGN_STYLE = Automatic;
				CURRENT_PROJECT_VERSION = 1;
				DEVELOPMENT_TEAM = VLB4X97QN4;
				GENERATE_INFOPLIST_FILE = YES;
				INFOPLIST_KEY_UIApplicationSupportsIndirectInputEvents = YES;
				INFOPLIST_KEY_UILaunchStoryboardName = LaunchScreen;
				INFOPLIST_KEY_UIMainStoryboardFile = Main;
				INFOPLIST_KEY_UIRequiresFullScreen = YES;
				INFOPLIST_KEY_UIStatusBarHidden = YES;
				INFOPLIST_KEY_UISupportedInterfaceOrientations = UIInterfaceOrientationLandscapeRight;
				LD_RUNPATH_SEARCH_PATHS = (
					"$(inherited)",
					"@executable_path/Frameworks",
				);
				MARKETING_VERSION = 1.0;
				PRODUCT_BUNDLE_IDENTIFIER = com.ranggasaputra.ForStayingAlive;
				PRODUCT_NAME = "$(TARGET_NAME)";
				SWIFT_EMIT_LOC_STRINGS = YES;
				SWIFT_VERSION = 5.0;
				TARGETED_DEVICE_FAMILY = "1,2";
			};
			name = Release;
		};
		8B4DB22A2C0DB77F0055AB7A /* Debug */ = {
			isa = XCBuildConfiguration;
			buildSettings = {
				ALWAYS_EMBED_SWIFT_STANDARD_LIBRARIES = YES;
				BUNDLE_LOADER = "$(TEST_HOST)";
				CODE_SIGN_STYLE = Automatic;
				CURRENT_PROJECT_VERSION = 1;
				DEVELOPMENT_TEAM = NNX37468Q3;
				GENERATE_INFOPLIST_FILE = YES;
				IPHONEOS_DEPLOYMENT_TARGET = 17.4;
				MARKETING_VERSION = 1.0;
				PRODUCT_BUNDLE_IDENTIFIER = com.ranggasaputra.ForStayingAliveTests;
				PRODUCT_NAME = "$(TARGET_NAME)";
				SWIFT_EMIT_LOC_STRINGS = NO;
				SWIFT_VERSION = 5.0;
				TARGETED_DEVICE_FAMILY = "1,2";
				TEST_HOST = "$(BUILT_PRODUCTS_DIR)/ForStayingAlive.app/$(BUNDLE_EXECUTABLE_FOLDER_PATH)/ForStayingAlive";
			};
			name = Debug;
		};
		8B4DB22B2C0DB77F0055AB7A /* Release */ = {
			isa = XCBuildConfiguration;
			buildSettings = {
				ALWAYS_EMBED_SWIFT_STANDARD_LIBRARIES = YES;
				BUNDLE_LOADER = "$(TEST_HOST)";
				CODE_SIGN_STYLE = Automatic;
				CURRENT_PROJECT_VERSION = 1;
				DEVELOPMENT_TEAM = NNX37468Q3;
				GENERATE_INFOPLIST_FILE = YES;
				IPHONEOS_DEPLOYMENT_TARGET = 17.4;
				MARKETING_VERSION = 1.0;
				PRODUCT_BUNDLE_IDENTIFIER = com.ranggasaputra.ForStayingAliveTests;
				PRODUCT_NAME = "$(TARGET_NAME)";
				SWIFT_EMIT_LOC_STRINGS = NO;
				SWIFT_VERSION = 5.0;
				TARGETED_DEVICE_FAMILY = "1,2";
				TEST_HOST = "$(BUILT_PRODUCTS_DIR)/ForStayingAlive.app/$(BUNDLE_EXECUTABLE_FOLDER_PATH)/ForStayingAlive";
			};
			name = Release;
		};
		8B4DB22D2C0DB77F0055AB7A /* Debug */ = {
			isa = XCBuildConfiguration;
			buildSettings = {
				ALWAYS_EMBED_SWIFT_STANDARD_LIBRARIES = YES;
				CODE_SIGN_STYLE = Automatic;
				CURRENT_PROJECT_VERSION = 1;
				DEVELOPMENT_TEAM = NNX37468Q3;
				GENERATE_INFOPLIST_FILE = YES;
				MARKETING_VERSION = 1.0;
				PRODUCT_BUNDLE_IDENTIFIER = com.ranggasaputra.ForStayingAliveUITests;
				PRODUCT_NAME = "$(TARGET_NAME)";
				SWIFT_EMIT_LOC_STRINGS = NO;
				SWIFT_VERSION = 5.0;
				TARGETED_DEVICE_FAMILY = "1,2";
				TEST_TARGET_NAME = ForStayingAlive;
			};
			name = Debug;
		};
		8B4DB22E2C0DB77F0055AB7A /* Release */ = {
			isa = XCBuildConfiguration;
			buildSettings = {
				ALWAYS_EMBED_SWIFT_STANDARD_LIBRARIES = YES;
				CODE_SIGN_STYLE = Automatic;
				CURRENT_PROJECT_VERSION = 1;
				DEVELOPMENT_TEAM = NNX37468Q3;
				GENERATE_INFOPLIST_FILE = YES;
				MARKETING_VERSION = 1.0;
				PRODUCT_BUNDLE_IDENTIFIER = com.ranggasaputra.ForStayingAliveUITests;
				PRODUCT_NAME = "$(TARGET_NAME)";
				SWIFT_EMIT_LOC_STRINGS = NO;
				SWIFT_VERSION = 5.0;
				TARGETED_DEVICE_FAMILY = "1,2";
				TEST_TARGET_NAME = ForStayingAlive;
			};
			name = Release;
		};
/* End XCBuildConfiguration section */

/* Begin XCConfigurationList section */
		8B4DB1F42C0DB77D0055AB7A /* Build configuration list for PBXProject "ForStayingAlive" */ = {
			isa = XCConfigurationList;
			buildConfigurations = (
				8B4DB2242C0DB77F0055AB7A /* Debug */,
				8B4DB2252C0DB77F0055AB7A /* Release */,
			);
			defaultConfigurationIsVisible = 0;
			defaultConfigurationName = Release;
		};
		8B4DB2262C0DB77F0055AB7A /* Build configuration list for PBXNativeTarget "ForStayingAlive" */ = {
			isa = XCConfigurationList;
			buildConfigurations = (
				8B4DB2272C0DB77F0055AB7A /* Debug */,
				8B4DB2282C0DB77F0055AB7A /* Release */,
			);
			defaultConfigurationIsVisible = 0;
			defaultConfigurationName = Release;
		};
		8B4DB2292C0DB77F0055AB7A /* Build configuration list for PBXNativeTarget "ForStayingAliveTests" */ = {
			isa = XCConfigurationList;
			buildConfigurations = (
				8B4DB22A2C0DB77F0055AB7A /* Debug */,
				8B4DB22B2C0DB77F0055AB7A /* Release */,
			);
			defaultConfigurationIsVisible = 0;
			defaultConfigurationName = Release;
		};
		8B4DB22C2C0DB77F0055AB7A /* Build configuration list for PBXNativeTarget "ForStayingAliveUITests" */ = {
			isa = XCConfigurationList;
			buildConfigurations = (
				8B4DB22D2C0DB77F0055AB7A /* Debug */,
				8B4DB22E2C0DB77F0055AB7A /* Release */,
			);
			defaultConfigurationIsVisible = 0;
			defaultConfigurationName = Release;
		};
/* End XCConfigurationList section */
	};
	rootObject = 8B4DB1F12C0DB77D0055AB7A /* Project object */;
}
